// !$*UTF8*$!
{
	archiveVersion = 1;
	classes = {
	};
	objectVersion = 46;
	objects = {

/* Begin PBXBuildFile section */
		030DB0CC1E407381004E3532 /* AppDelegate.swift in Sources */ = {isa = PBXBuildFile; fileRef = 030DB0CB1E407381004E3532 /* AppDelegate.swift */; };
		030DB0D31E407381004E3532 /* Assets.xcassets in Resources */ = {isa = PBXBuildFile; fileRef = 030DB0D21E407381004E3532 /* Assets.xcassets */; };
		030DB0D61E407381004E3532 /* LaunchScreen.storyboard in Resources */ = {isa = PBXBuildFile; fileRef = 030DB0D41E407381004E3532 /* LaunchScreen.storyboard */; };
		030DB0E11E407381004E3532 /* DiaryRecordTests.swift in Sources */ = {isa = PBXBuildFile; fileRef = 030DB0E01E407381004E3532 /* DiaryRecordTests.swift */; };
		030DB0EC1E407381004E3532 /* DiaryRecordUITests.swift in Sources */ = {isa = PBXBuildFile; fileRef = 030DB0EB1E407381004E3532 /* DiaryRecordUITests.swift */; };
		030DB0FE1E4074E1004E3532 /* WriteViewController.swift in Sources */ = {isa = PBXBuildFile; fileRef = 030DB0FD1E4074E1004E3532 /* WriteViewController.swift */; };
		030DB1001E4075C8004E3532 /* MainTableViewController.swift in Sources */ = {isa = PBXBuildFile; fileRef = 030DB0FF1E4075C8004E3532 /* MainTableViewController.swift */; };
		030DB1021E4186F3004E3532 /* Diary.swift in Sources */ = {isa = PBXBuildFile; fileRef = 030DB1011E4186F3004E3532 /* Diary.swift */; };
		030DB1041E42285C004E3532 /* DiaryRepository.swift in Sources */ = {isa = PBXBuildFile; fileRef = 030DB1031E42285C004E3532 /* DiaryRepository.swift */; };
		031DC5D41EA7241E00BEC763 /* donKnow_m.png in Resources */ = {isa = PBXBuildFile; fileRef = 031DC5CF1EA7241E00BEC763 /* donKnow_m.png */; };
		031DC5D51EA7241E00BEC763 /* donKnow1_m.png in Resources */ = {isa = PBXBuildFile; fileRef = 031DC5D01EA7241E00BEC763 /* donKnow1_m.png */; };
		031DC5D61EA7241E00BEC763 /* donKnow2_m.png in Resources */ = {isa = PBXBuildFile; fileRef = 031DC5D11EA7241E00BEC763 /* donKnow2_m.png */; };
		031DC5D71EA7241E00BEC763 /* donKnow3_m.png in Resources */ = {isa = PBXBuildFile; fileRef = 031DC5D21EA7241E00BEC763 /* donKnow3_m.png */; };
		031DC5D81EA7241E00BEC763 /* know_m.png in Resources */ = {isa = PBXBuildFile; fileRef = 031DC5D31EA7241E00BEC763 /* know_m.png */; };
		031DC5DB1EA72DCE00BEC763 /* dontKnow_box.png in Resources */ = {isa = PBXBuildFile; fileRef = 031DC5D91EA72DCE00BEC763 /* dontKnow_box.png */; };
		031DC5DC1EA72DCE00BEC763 /* know_box.png in Resources */ = {isa = PBXBuildFile; fileRef = 031DC5DA1EA72DCE00BEC763 /* know_box.png */; };
		031DC5DF1EA73AF200BEC763 /* LanchScreen_cat_after.png in Resources */ = {isa = PBXBuildFile; fileRef = 031DC5DD1EA73AF200BEC763 /* LanchScreen_cat_after.png */; };
		031DC5E01EA73AF200BEC763 /* LanchScreen_cat_before.png in Resources */ = {isa = PBXBuildFile; fileRef = 031DC5DE1EA73AF200BEC763 /* LanchScreen_cat_before.png */; };
		031DC5E41EA743DE00BEC763 /* lanchIcon.png in Resources */ = {isa = PBXBuildFile; fileRef = 031DC5E31EA743DD00BEC763 /* lanchIcon.png */; };
		031DC5E61EA9AD9900BEC763 /* LaunchViewController.swift in Sources */ = {isa = PBXBuildFile; fileRef = 031DC5E51EA9AD9900BEC763 /* LaunchViewController.swift */; };
		031DC6091EA9C2F100BEC763 /* SeoulHangangM.otf in Resources */ = {isa = PBXBuildFile; fileRef = 031DC6081EA9C28B00BEC763 /* SeoulHangangM.otf */; };
		0326B94E1E8B8B93006B20BA /* SpecialDay.swift in Sources */ = {isa = PBXBuildFile; fileRef = 0326B94D1E8B8B93006B20BA /* SpecialDay.swift */; };
		0326B9501E8B8CA1006B20BA /* SpecialDayRepository.swift in Sources */ = {isa = PBXBuildFile; fileRef = 0326B94F1E8B8CA1006B20BA /* SpecialDayRepository.swift */; };
		0326B9521E8B981F006B20BA /* WedgetManager.swift in Sources */ = {isa = PBXBuildFile; fileRef = 0326B9511E8B981F006B20BA /* WedgetManager.swift */; };
		0326B95A1E8BB7F4006B20BA /* SelectWedgetTableViewController.swift in Sources */ = {isa = PBXBuildFile; fileRef = 0326B9591E8BB7F4006B20BA /* SelectWedgetTableViewController.swift */; };
		03462A3F1E913B9E00A2E5D1 /* wedget.jpg in Resources */ = {isa = PBXBuildFile; fileRef = 03462A3E1E913B9E00A2E5D1 /* wedget.jpg */; };
		034AFBA41EA06EDE00DE1262 /* dontKnow.png in Resources */ = {isa = PBXBuildFile; fileRef = 034AFBA21EA06EDE00DE1262 /* dontKnow.png */; };
		034AFBA51EA06EDE00DE1262 /* know.png in Resources */ = {isa = PBXBuildFile; fileRef = 034AFBA31EA06EDE00DE1262 /* know.png */; };
		034AFBAB1EA0776800DE1262 /* Keychain.m in Sources */ = {isa = PBXBuildFile; fileRef = 034AFBAA1EA0776800DE1262 /* Keychain.m */; };
		034AFBD51EA08AB600DE1262 /* KeychainManager.swift in Sources */ = {isa = PBXBuildFile; fileRef = 034AFBD41EA08AB600DE1262 /* KeychainManager.swift */; };
		0355407E1E7EA5920093A244 /* ColorManager.swift in Sources */ = {isa = PBXBuildFile; fileRef = 0355407D1E7EA5920093A244 /* ColorManager.swift */; };
		035D7B9A1E48BE6800F66B24 /* Logger.swift in Sources */ = {isa = PBXBuildFile; fileRef = 035D7B991E48BE6800F66B24 /* Logger.swift */; };
		036B6A1C1E9D1015006A044E /* setting.png in Resources */ = {isa = PBXBuildFile; fileRef = 036B6A1B1E9D1015006A044E /* setting.png */; };
		036B6A201E9D11EA006A044E /* write.png in Resources */ = {isa = PBXBuildFile; fileRef = 036B6A1F1E9D11EA006A044E /* write.png */; };
		036B6A2E1E9D13A0006A044E /* gallery.png in Resources */ = {isa = PBXBuildFile; fileRef = 036B6A211E9D13A0006A044E /* gallery.png */; };
		036B6A2F1E9D13A0006A044E /* cloud.png in Resources */ = {isa = PBXBuildFile; fileRef = 036B6A221E9D13A0006A044E /* cloud.png */; };
		036B6A301E9D13A0006A044E /* coffee.png in Resources */ = {isa = PBXBuildFile; fileRef = 036B6A231E9D13A0006A044E /* coffee.png */; };
		036B6A311E9D13A0006A044E /* delete.png in Resources */ = {isa = PBXBuildFile; fileRef = 036B6A241E9D13A0006A044E /* delete.png */; };
		036B6A321E9D13A0006A044E /* download.png in Resources */ = {isa = PBXBuildFile; fileRef = 036B6A251E9D13A0006A044E /* download.png */; };
		036B6A331E9D13A0006A044E /* like.png in Resources */ = {isa = PBXBuildFile; fileRef = 036B6A261E9D13A0006A044E /* like.png */; };
		036B6A341E9D13A0006A044E /* lock.png in Resources */ = {isa = PBXBuildFile; fileRef = 036B6A271E9D13A0006A044E /* lock.png */; };
		036B6A351E9D13A0006A044E /* search.png in Resources */ = {isa = PBXBuildFile; fileRef = 036B6A281E9D13A0006A044E /* search.png */; };
		036B6A371E9D13A0006A044E /* upload.png in Resources */ = {isa = PBXBuildFile; fileRef = 036B6A2A1E9D13A0006A044E /* upload.png */; };
		036B6A3A1E9D13A0006A044E /* no.png in Resources */ = {isa = PBXBuildFile; fileRef = 036B6A2D1E9D13A0006A044E /* no.png */; };
		036B6A3E1E9F3714006A044E /* PasswordViewController.swift in Sources */ = {isa = PBXBuildFile; fileRef = 036B6A3D1E9F3714006A044E /* PasswordViewController.swift */; };
		037343161E9C82D300FDFF91 /* speicalCell.jpg in Resources */ = {isa = PBXBuildFile; fileRef = 037343151E9C82D300FDFF91 /* speicalCell.jpg */; };
		037522931E850BE20001B24F /* NotificationCenter.framework in Frameworks */ = {isa = PBXBuildFile; fileRef = 037522921E850BE20001B24F /* NotificationCenter.framework */; };
		037522961E850BE20001B24F /* TodayViewController.swift in Sources */ = {isa = PBXBuildFile; fileRef = 037522951E850BE20001B24F /* TodayViewController.swift */; };
		037522991E850BE20001B24F /* MainInterface.storyboard in Resources */ = {isa = PBXBuildFile; fileRef = 037522971E850BE20001B24F /* MainInterface.storyboard */; };
		0375229D1E850BE20001B24F /* BookmarkExtention.appex in Embed App Extensions */ = {isa = PBXBuildFile; fileRef = 037522911E850BE20001B24F /* BookmarkExtention.appex */; settings = {ATTRIBUTES = (RemoveHeadersOnCopy, ); }; };
		037522A31E856F260001B24F /* appIcon_1.jpg in Resources */ = {isa = PBXBuildFile; fileRef = 037522A21E856F260001B24F /* appIcon_1.jpg */; };
		037522A51E856F7B0001B24F /* LanchScreen_1.jpg in Resources */ = {isa = PBXBuildFile; fileRef = 037522A41E856F7B0001B24F /* LanchScreen_1.jpg */; };
		037522A91E86294F0001B24F /* LanchScreen_6.jpg in Resources */ = {isa = PBXBuildFile; fileRef = 037522A81E86294F0001B24F /* LanchScreen_6.jpg */; };
		037522AB1E862C090001B24F /* moon2.png in Resources */ = {isa = PBXBuildFile; fileRef = 037522AA1E862C090001B24F /* moon2.png */; };
		037522AD1E862D860001B24F /* moon1.png in Resources */ = {isa = PBXBuildFile; fileRef = 037522AC1E862D860001B24F /* moon1.png */; };
		037624761E7E553F002C069A /* SettingTableViewController.swift in Sources */ = {isa = PBXBuildFile; fileRef = 037624751E7E553F002C069A /* SettingTableViewController.swift */; };
		037692911E51BA1E00C0CCCB /* ReadViewController.swift in Sources */ = {isa = PBXBuildFile; fileRef = 037692901E51BA1E00C0CCCB /* ReadViewController.swift */; };
		037692931E54885500C0CCCB /* CardView.swift in Sources */ = {isa = PBXBuildFile; fileRef = 037692921E54885500C0CCCB /* CardView.swift */; };
		0376929E1E55DE3F00C0CCCB /* NanumMyeongjo.ttc in Resources */ = {isa = PBXBuildFile; fileRef = 0376929D1E55DE3F00C0CCCB /* NanumMyeongjo.ttc */; };
		0399B20B1E656472003E8672 /* WriteBox.swift in Sources */ = {isa = PBXBuildFile; fileRef = 0399B20A1E656472003E8672 /* WriteBox.swift */; };
		03A6E3571E8414430039056D /* down.png in Resources */ = {isa = PBXBuildFile; fileRef = 03A6E3551E8414430039056D /* down.png */; };
		03A7A2701E817D160074CCFE /* SelectThemeViewController.swift in Sources */ = {isa = PBXBuildFile; fileRef = 03A7A26F1E817D160074CCFE /* SelectThemeViewController.swift */; };
		03A7A27A1E82518D0074CCFE /* update.png in Resources */ = {isa = PBXBuildFile; fileRef = 03A7A2731E82518D0074CCFE /* update.png */; };
		03A7A2841E82532D0074CCFE /* back.png in Resources */ = {isa = PBXBuildFile; fileRef = 03A7A2831E82532D0074CCFE /* back.png */; };
		03A7A28E1E8271210074CCFE /* ThemeRepositroy.swift in Sources */ = {isa = PBXBuildFile; fileRef = 03A7A28D1E8271210074CCFE /* ThemeRepositroy.swift */; };
		03AAC6B51EA4677300C2BF4D /* EnterPasswordViewController.swift in Sources */ = {isa = PBXBuildFile; fileRef = 03AAC6B41EA4677300C2BF4D /* EnterPasswordViewController.swift */; };
		03AAC6B71EA46DE700C2BF4D /* EmailViewController.swift in Sources */ = {isa = PBXBuildFile; fileRef = 03AAC6B61EA46DE700C2BF4D /* EmailViewController.swift */; };
		03AAC6B91EA472FD00C2BF4D /* EmailManager.swift in Sources */ = {isa = PBXBuildFile; fileRef = 03AAC6B81EA472FD00C2BF4D /* EmailManager.swift */; };
		03AAC6BB1EA49C9000C2BF4D /* delete_item.png in Resources */ = {isa = PBXBuildFile; fileRef = 03AAC6BA1EA49C9000C2BF4D /* delete_item.png */; };
		03AAC6BD1EA49D3100C2BF4D /* lock_item.png in Resources */ = {isa = PBXBuildFile; fileRef = 03AAC6BC1EA49D3100C2BF4D /* lock_item.png */; };
		03AAC6DB1EA5B38300C2BF4D /* SecretQuestionViewController.swift in Sources */ = {isa = PBXBuildFile; fileRef = 03AAC6DA1EA5B38300C2BF4D /* SecretQuestionViewController.swift */; };
		03B6EA871E615D62002CFB29 /* Context.swift in Sources */ = {isa = PBXBuildFile; fileRef = 03B6EA861E615D62002CFB29 /* Context.swift */; };
		03C043671E78F30E0075C09E /* Main.storyboard in Resources */ = {isa = PBXBuildFile; fileRef = 03C043651E78F30E0075C09E /* Main.storyboard */; };
		03C702B41E84CE6E00B15033 /* ImageBox.swift in Sources */ = {isa = PBXBuildFile; fileRef = 03C702B31E84CE6E00B15033 /* ImageBox.swift */; };
		03D2ADA01E508926002D4287 /* Extensions.swift in Sources */ = {isa = PBXBuildFile; fileRef = 03D2AD9F1E508926002D4287 /* Extensions.swift */; };
		7EC717151AD3900DCEEF166F /* Pods_DiaryRecord.framework in Frameworks */ = {isa = PBXBuildFile; fileRef = 37A0364A89EC26784AAF0D64 /* Pods_DiaryRecord.framework */; };
		ABC2483A4D7044BDBA0F1310 /* ImageFileManager.swift in Sources */ = {isa = PBXBuildFile; fileRef = ABC24D8B487FA3E087DB037B /* ImageFileManager.swift */; };
		E1012DD687F6A634A1914240 /* Pods_DiaryRecordTests.framework in Frameworks */ = {isa = PBXBuildFile; fileRef = BE16B1B79F052D6A31AF112B /* Pods_DiaryRecordTests.framework */; };
		F4DFB04DC64CE03233C5CE5F /* Pods_DiaryRecordUITests.framework in Frameworks */ = {isa = PBXBuildFile; fileRef = 42A877916CBD148333D0EB6C /* Pods_DiaryRecordUITests.framework */; };
/* End PBXBuildFile section */

/* Begin PBXContainerItemProxy section */
		030DB0DD1E407381004E3532 /* PBXContainerItemProxy */ = {
			isa = PBXContainerItemProxy;
			containerPortal = 030DB0C01E407380004E3532 /* Project object */;
			proxyType = 1;
			remoteGlobalIDString = 030DB0C71E407381004E3532;
			remoteInfo = DiaryRecord;
		};
		030DB0E81E407381004E3532 /* PBXContainerItemProxy */ = {
			isa = PBXContainerItemProxy;
			containerPortal = 030DB0C01E407380004E3532 /* Project object */;
			proxyType = 1;
			remoteGlobalIDString = 030DB0C71E407381004E3532;
			remoteInfo = DiaryRecord;
		};
		035D7BA71E48C36700F66B24 /* PBXContainerItemProxy */ = {
			isa = PBXContainerItemProxy;
			containerPortal = 030DB0C01E407380004E3532 /* Project object */;
			proxyType = 1;
			remoteGlobalIDString = 030DB0C71E407381004E3532;
			remoteInfo = DiaryRecord;
		};
		0375229B1E850BE20001B24F /* PBXContainerItemProxy */ = {
			isa = PBXContainerItemProxy;
			containerPortal = 030DB0C01E407380004E3532 /* Project object */;
			proxyType = 1;
			remoteGlobalIDString = 037522901E850BE20001B24F;
			remoteInfo = BookmarkExtention;
		};
/* End PBXContainerItemProxy section */

/* Begin PBXCopyFilesBuildPhase section */
		037522A11E850BE20001B24F /* Embed App Extensions */ = {
			isa = PBXCopyFilesBuildPhase;
			buildActionMask = 2147483647;
			dstPath = "";
			dstSubfolderSpec = 13;
			files = (
				0375229D1E850BE20001B24F /* BookmarkExtention.appex in Embed App Extensions */,
			);
			name = "Embed App Extensions";
			runOnlyForDeploymentPostprocessing = 0;
		};
/* End PBXCopyFilesBuildPhase section */

/* Begin PBXFileReference section */
		030DB0C81E407381004E3532 /* DiaryRecord.app */ = {isa = PBXFileReference; explicitFileType = wrapper.application; includeInIndex = 0; path = DiaryRecord.app; sourceTree = BUILT_PRODUCTS_DIR; };
		030DB0CB1E407381004E3532 /* AppDelegate.swift */ = {isa = PBXFileReference; lastKnownFileType = sourcecode.swift; path = AppDelegate.swift; sourceTree = "<group>"; };
		030DB0D21E407381004E3532 /* Assets.xcassets */ = {isa = PBXFileReference; lastKnownFileType = folder.assetcatalog; path = Assets.xcassets; sourceTree = "<group>"; };
		030DB0D51E407381004E3532 /* Base */ = {isa = PBXFileReference; lastKnownFileType = file.storyboard; name = Base; path = Base.lproj/LaunchScreen.storyboard; sourceTree = "<group>"; };
		030DB0D71E407381004E3532 /* Info.plist */ = {isa = PBXFileReference; lastKnownFileType = text.plist.xml; path = Info.plist; sourceTree = "<group>"; };
		030DB0DC1E407381004E3532 /* DiaryRecordTests.xctest */ = {isa = PBXFileReference; explicitFileType = wrapper.cfbundle; includeInIndex = 0; path = DiaryRecordTests.xctest; sourceTree = BUILT_PRODUCTS_DIR; };
		030DB0E01E407381004E3532 /* DiaryRecordTests.swift */ = {isa = PBXFileReference; lastKnownFileType = sourcecode.swift; path = DiaryRecordTests.swift; sourceTree = "<group>"; };
		030DB0E21E407381004E3532 /* Info.plist */ = {isa = PBXFileReference; lastKnownFileType = text.plist.xml; path = Info.plist; sourceTree = "<group>"; };
		030DB0E71E407381004E3532 /* DiaryRecordUITests.xctest */ = {isa = PBXFileReference; explicitFileType = wrapper.cfbundle; includeInIndex = 0; path = DiaryRecordUITests.xctest; sourceTree = BUILT_PRODUCTS_DIR; };
		030DB0EB1E407381004E3532 /* DiaryRecordUITests.swift */ = {isa = PBXFileReference; lastKnownFileType = sourcecode.swift; path = DiaryRecordUITests.swift; sourceTree = "<group>"; };
		030DB0ED1E407381004E3532 /* Info.plist */ = {isa = PBXFileReference; lastKnownFileType = text.plist.xml; path = Info.plist; sourceTree = "<group>"; };
		030DB0FD1E4074E1004E3532 /* WriteViewController.swift */ = {isa = PBXFileReference; fileEncoding = 4; lastKnownFileType = sourcecode.swift; path = WriteViewController.swift; sourceTree = "<group>"; };
		030DB0FF1E4075C8004E3532 /* MainTableViewController.swift */ = {isa = PBXFileReference; fileEncoding = 4; lastKnownFileType = sourcecode.swift; path = MainTableViewController.swift; sourceTree = "<group>"; };
		030DB1011E4186F3004E3532 /* Diary.swift */ = {isa = PBXFileReference; fileEncoding = 4; lastKnownFileType = sourcecode.swift; path = Diary.swift; sourceTree = "<group>"; };
		030DB1031E42285C004E3532 /* DiaryRepository.swift */ = {isa = PBXFileReference; fileEncoding = 4; lastKnownFileType = sourcecode.swift; path = DiaryRepository.swift; sourceTree = "<group>"; };
		031DC5CF1EA7241E00BEC763 /* donKnow_m.png */ = {isa = PBXFileReference; lastKnownFileType = image.png; path = donKnow_m.png; sourceTree = "<group>"; };
		031DC5D01EA7241E00BEC763 /* donKnow1_m.png */ = {isa = PBXFileReference; lastKnownFileType = image.png; path = donKnow1_m.png; sourceTree = "<group>"; };
		031DC5D11EA7241E00BEC763 /* donKnow2_m.png */ = {isa = PBXFileReference; lastKnownFileType = image.png; path = donKnow2_m.png; sourceTree = "<group>"; };
		031DC5D21EA7241E00BEC763 /* donKnow3_m.png */ = {isa = PBXFileReference; lastKnownFileType = image.png; path = donKnow3_m.png; sourceTree = "<group>"; };
		031DC5D31EA7241E00BEC763 /* know_m.png */ = {isa = PBXFileReference; lastKnownFileType = image.png; path = know_m.png; sourceTree = "<group>"; };
		031DC5D91EA72DCE00BEC763 /* dontKnow_box.png */ = {isa = PBXFileReference; lastKnownFileType = image.png; path = dontKnow_box.png; sourceTree = "<group>"; };
		031DC5DA1EA72DCE00BEC763 /* know_box.png */ = {isa = PBXFileReference; lastKnownFileType = image.png; path = know_box.png; sourceTree = "<group>"; };
		031DC5DD1EA73AF200BEC763 /* LanchScreen_cat_after.png */ = {isa = PBXFileReference; lastKnownFileType = image.png; path = LanchScreen_cat_after.png; sourceTree = "<group>"; };
		031DC5DE1EA73AF200BEC763 /* LanchScreen_cat_before.png */ = {isa = PBXFileReference; lastKnownFileType = image.png; path = LanchScreen_cat_before.png; sourceTree = "<group>"; };
		031DC5E31EA743DD00BEC763 /* lanchIcon.png */ = {isa = PBXFileReference; lastKnownFileType = image.png; path = lanchIcon.png; sourceTree = "<group>"; };
		031DC5E51EA9AD9900BEC763 /* LaunchViewController.swift */ = {isa = PBXFileReference; fileEncoding = 4; lastKnownFileType = sourcecode.swift; path = LaunchViewController.swift; sourceTree = "<group>"; };
		031DC6081EA9C28B00BEC763 /* SeoulHangangM.otf */ = {isa = PBXFileReference; lastKnownFileType = file; path = SeoulHangangM.otf; sourceTree = "<group>"; };
		0326B94D1E8B8B93006B20BA /* SpecialDay.swift */ = {isa = PBXFileReference; fileEncoding = 4; lastKnownFileType = sourcecode.swift; path = SpecialDay.swift; sourceTree = "<group>"; };
		0326B94F1E8B8CA1006B20BA /* SpecialDayRepository.swift */ = {isa = PBXFileReference; fileEncoding = 4; lastKnownFileType = sourcecode.swift; path = SpecialDayRepository.swift; sourceTree = "<group>"; };
		0326B9511E8B981F006B20BA /* WedgetManager.swift */ = {isa = PBXFileReference; fileEncoding = 4; lastKnownFileType = sourcecode.swift; path = WedgetManager.swift; sourceTree = "<group>"; };
		0326B9591E8BB7F4006B20BA /* SelectWedgetTableViewController.swift */ = {isa = PBXFileReference; fileEncoding = 4; lastKnownFileType = sourcecode.swift; path = SelectWedgetTableViewController.swift; sourceTree = "<group>"; };
		03462A3E1E913B9E00A2E5D1 /* wedget.jpg */ = {isa = PBXFileReference; lastKnownFileType = image.jpeg; path = wedget.jpg; sourceTree = "<group>"; };
		034AFBA21EA06EDE00DE1262 /* dontKnow.png */ = {isa = PBXFileReference; lastKnownFileType = image.png; path = dontKnow.png; sourceTree = "<group>"; };
		034AFBA31EA06EDE00DE1262 /* know.png */ = {isa = PBXFileReference; lastKnownFileType = image.png; path = know.png; sourceTree = "<group>"; };
		034AFBA91EA0776800DE1262 /* Keychain.h */ = {isa = PBXFileReference; fileEncoding = 4; lastKnownFileType = sourcecode.c.h; path = Keychain.h; sourceTree = "<group>"; };
		034AFBAA1EA0776800DE1262 /* Keychain.m */ = {isa = PBXFileReference; fileEncoding = 4; lastKnownFileType = sourcecode.c.objc; path = Keychain.m; sourceTree = "<group>"; };
		034AFBB11EA07C7C00DE1262 /* DiaryRecord-Bridging-Header.h */ = {isa = PBXFileReference; lastKnownFileType = sourcecode.c.h; path = "DiaryRecord-Bridging-Header.h"; sourceTree = "<group>"; };
		034AFBD41EA08AB600DE1262 /* KeychainManager.swift */ = {isa = PBXFileReference; fileEncoding = 4; lastKnownFileType = sourcecode.swift; path = KeychainManager.swift; sourceTree = "<group>"; };
		03522BB01E8E36D900D86E90 /* DiaryRecord.entitlements */ = {isa = PBXFileReference; lastKnownFileType = text.plist.entitlements; path = DiaryRecord.entitlements; sourceTree = "<group>"; };
		03522BB11E8E3BEB00D86E90 /* BookmarkExtention.entitlements */ = {isa = PBXFileReference; lastKnownFileType = text.plist.entitlements; path = BookmarkExtention.entitlements; sourceTree = "<group>"; };
		0355407D1E7EA5920093A244 /* ColorManager.swift */ = {isa = PBXFileReference; fileEncoding = 4; lastKnownFileType = sourcecode.swift; path = ColorManager.swift; sourceTree = "<group>"; };
		035D7B991E48BE6800F66B24 /* Logger.swift */ = {isa = PBXFileReference; fileEncoding = 4; lastKnownFileType = sourcecode.swift; path = Logger.swift; sourceTree = "<group>"; };
		035D7BA21E48C36700F66B24 /* LoggerTest.xctest */ = {isa = PBXFileReference; explicitFileType = wrapper.cfbundle; includeInIndex = 0; path = LoggerTest.xctest; sourceTree = BUILT_PRODUCTS_DIR; };
		036B6A1B1E9D1015006A044E /* setting.png */ = {isa = PBXFileReference; lastKnownFileType = image.png; path = setting.png; sourceTree = "<group>"; };
		036B6A1F1E9D11EA006A044E /* write.png */ = {isa = PBXFileReference; lastKnownFileType = image.png; path = write.png; sourceTree = "<group>"; };
		036B6A211E9D13A0006A044E /* gallery.png */ = {isa = PBXFileReference; lastKnownFileType = image.png; path = gallery.png; sourceTree = "<group>"; };
		036B6A221E9D13A0006A044E /* cloud.png */ = {isa = PBXFileReference; lastKnownFileType = image.png; path = cloud.png; sourceTree = "<group>"; };
		036B6A231E9D13A0006A044E /* coffee.png */ = {isa = PBXFileReference; lastKnownFileType = image.png; path = coffee.png; sourceTree = "<group>"; };
		036B6A241E9D13A0006A044E /* delete.png */ = {isa = PBXFileReference; lastKnownFileType = image.png; path = delete.png; sourceTree = "<group>"; };
		036B6A251E9D13A0006A044E /* download.png */ = {isa = PBXFileReference; lastKnownFileType = image.png; path = download.png; sourceTree = "<group>"; };
		036B6A261E9D13A0006A044E /* like.png */ = {isa = PBXFileReference; lastKnownFileType = image.png; path = like.png; sourceTree = "<group>"; };
		036B6A271E9D13A0006A044E /* lock.png */ = {isa = PBXFileReference; lastKnownFileType = image.png; path = lock.png; sourceTree = "<group>"; };
		036B6A281E9D13A0006A044E /* search.png */ = {isa = PBXFileReference; lastKnownFileType = image.png; path = search.png; sourceTree = "<group>"; };
		036B6A2A1E9D13A0006A044E /* upload.png */ = {isa = PBXFileReference; lastKnownFileType = image.png; path = upload.png; sourceTree = "<group>"; };
		036B6A2D1E9D13A0006A044E /* no.png */ = {isa = PBXFileReference; lastKnownFileType = image.png; path = no.png; sourceTree = "<group>"; };
		036B6A3D1E9F3714006A044E /* PasswordViewController.swift */ = {isa = PBXFileReference; fileEncoding = 4; lastKnownFileType = sourcecode.swift; path = PasswordViewController.swift; sourceTree = "<group>"; };
		037343151E9C82D300FDFF91 /* speicalCell.jpg */ = {isa = PBXFileReference; lastKnownFileType = image.jpeg; path = speicalCell.jpg; sourceTree = "<group>"; };
		037522911E850BE20001B24F /* BookmarkExtention.appex */ = {isa = PBXFileReference; explicitFileType = "wrapper.app-extension"; includeInIndex = 0; path = BookmarkExtention.appex; sourceTree = BUILT_PRODUCTS_DIR; };
		037522921E850BE20001B24F /* NotificationCenter.framework */ = {isa = PBXFileReference; lastKnownFileType = wrapper.framework; name = NotificationCenter.framework; path = System/Library/Frameworks/NotificationCenter.framework; sourceTree = SDKROOT; };
		037522951E850BE20001B24F /* TodayViewController.swift */ = {isa = PBXFileReference; lastKnownFileType = sourcecode.swift; path = TodayViewController.swift; sourceTree = "<group>"; };
		037522981E850BE20001B24F /* Base */ = {isa = PBXFileReference; lastKnownFileType = file.storyboard; name = Base; path = Base.lproj/MainInterface.storyboard; sourceTree = "<group>"; };
		0375229A1E850BE20001B24F /* Info.plist */ = {isa = PBXFileReference; lastKnownFileType = text.plist.xml; path = Info.plist; sourceTree = "<group>"; };
		037522A21E856F260001B24F /* appIcon_1.jpg */ = {isa = PBXFileReference; lastKnownFileType = image.jpeg; path = appIcon_1.jpg; sourceTree = "<group>"; };
		037522A41E856F7B0001B24F /* LanchScreen_1.jpg */ = {isa = PBXFileReference; lastKnownFileType = image.jpeg; path = LanchScreen_1.jpg; sourceTree = "<group>"; };
		037522A81E86294F0001B24F /* LanchScreen_6.jpg */ = {isa = PBXFileReference; lastKnownFileType = image.jpeg; path = LanchScreen_6.jpg; sourceTree = "<group>"; };
		037522AA1E862C090001B24F /* moon2.png */ = {isa = PBXFileReference; lastKnownFileType = image.png; path = moon2.png; sourceTree = "<group>"; };
		037522AC1E862D860001B24F /* moon1.png */ = {isa = PBXFileReference; lastKnownFileType = image.png; path = moon1.png; sourceTree = "<group>"; };
		037624751E7E553F002C069A /* SettingTableViewController.swift */ = {isa = PBXFileReference; fileEncoding = 4; lastKnownFileType = sourcecode.swift; path = SettingTableViewController.swift; sourceTree = "<group>"; };
		037692901E51BA1E00C0CCCB /* ReadViewController.swift */ = {isa = PBXFileReference; fileEncoding = 4; lastKnownFileType = sourcecode.swift; path = ReadViewController.swift; sourceTree = "<group>"; };
		037692921E54885500C0CCCB /* CardView.swift */ = {isa = PBXFileReference; fileEncoding = 4; lastKnownFileType = sourcecode.swift; path = CardView.swift; sourceTree = "<group>"; };
		0376929C1E55DE2200C0CCCB /* NanumMyeongjo.ttc */ = {isa = PBXFileReference; lastKnownFileType = file; path = NanumMyeongjo.ttc; sourceTree = "<group>"; };
		0376929D1E55DE3F00C0CCCB /* NanumMyeongjo.ttc */ = {isa = PBXFileReference; lastKnownFileType = file; path = NanumMyeongjo.ttc; sourceTree = "<group>"; };
		0399B20A1E656472003E8672 /* WriteBox.swift */ = {isa = PBXFileReference; fileEncoding = 4; lastKnownFileType = sourcecode.swift; path = WriteBox.swift; sourceTree = "<group>"; };
		03A6E3551E8414430039056D /* down.png */ = {isa = PBXFileReference; lastKnownFileType = image.png; path = down.png; sourceTree = "<group>"; };
		03A7A26F1E817D160074CCFE /* SelectThemeViewController.swift */ = {isa = PBXFileReference; fileEncoding = 4; lastKnownFileType = sourcecode.swift; path = SelectThemeViewController.swift; sourceTree = "<group>"; };
		03A7A2731E82518D0074CCFE /* update.png */ = {isa = PBXFileReference; lastKnownFileType = image.png; path = update.png; sourceTree = "<group>"; };
		03A7A2831E82532D0074CCFE /* back.png */ = {isa = PBXFileReference; lastKnownFileType = image.png; path = back.png; sourceTree = "<group>"; };
		03A7A28D1E8271210074CCFE /* ThemeRepositroy.swift */ = {isa = PBXFileReference; fileEncoding = 4; lastKnownFileType = sourcecode.swift; path = ThemeRepositroy.swift; sourceTree = "<group>"; };
		03AAC6B41EA4677300C2BF4D /* EnterPasswordViewController.swift */ = {isa = PBXFileReference; fileEncoding = 4; lastKnownFileType = sourcecode.swift; path = EnterPasswordViewController.swift; sourceTree = "<group>"; };
		03AAC6B61EA46DE700C2BF4D /* EmailViewController.swift */ = {isa = PBXFileReference; fileEncoding = 4; lastKnownFileType = sourcecode.swift; path = EmailViewController.swift; sourceTree = "<group>"; };
		03AAC6B81EA472FD00C2BF4D /* EmailManager.swift */ = {isa = PBXFileReference; fileEncoding = 4; lastKnownFileType = sourcecode.swift; path = EmailManager.swift; sourceTree = "<group>"; };
		03AAC6BA1EA49C9000C2BF4D /* delete_item.png */ = {isa = PBXFileReference; lastKnownFileType = image.png; path = delete_item.png; sourceTree = "<group>"; };
		03AAC6BC1EA49D3100C2BF4D /* lock_item.png */ = {isa = PBXFileReference; lastKnownFileType = image.png; path = lock_item.png; sourceTree = "<group>"; };
		03AAC6DA1EA5B38300C2BF4D /* SecretQuestionViewController.swift */ = {isa = PBXFileReference; fileEncoding = 4; lastKnownFileType = sourcecode.swift; path = SecretQuestionViewController.swift; sourceTree = "<group>"; };
		03B6EA861E615D62002CFB29 /* Context.swift */ = {isa = PBXFileReference; fileEncoding = 4; lastKnownFileType = sourcecode.swift; path = Context.swift; sourceTree = "<group>"; };
		03C043661E78F30E0075C09E /* Base */ = {isa = PBXFileReference; lastKnownFileType = file.storyboard; name = Base; path = Base.lproj/Main.storyboard; sourceTree = "<group>"; };
		03C702B31E84CE6E00B15033 /* ImageBox.swift */ = {isa = PBXFileReference; fileEncoding = 4; lastKnownFileType = sourcecode.swift; path = ImageBox.swift; sourceTree = "<group>"; };
		03D2AD9F1E508926002D4287 /* Extensions.swift */ = {isa = PBXFileReference; fileEncoding = 4; lastKnownFileType = sourcecode.swift; path = Extensions.swift; sourceTree = "<group>"; };
		37A0364A89EC26784AAF0D64 /* Pods_DiaryRecord.framework */ = {isa = PBXFileReference; explicitFileType = wrapper.framework; includeInIndex = 0; path = Pods_DiaryRecord.framework; sourceTree = BUILT_PRODUCTS_DIR; };
		42A877916CBD148333D0EB6C /* Pods_DiaryRecordUITests.framework */ = {isa = PBXFileReference; explicitFileType = wrapper.framework; includeInIndex = 0; path = Pods_DiaryRecordUITests.framework; sourceTree = BUILT_PRODUCTS_DIR; };
		6BBDE77CB802E4881F7AFD3C /* Pods-DiaryRecord.debug.xcconfig */ = {isa = PBXFileReference; includeInIndex = 1; lastKnownFileType = text.xcconfig; name = "Pods-DiaryRecord.debug.xcconfig"; path = "Pods/Target Support Files/Pods-DiaryRecord/Pods-DiaryRecord.debug.xcconfig"; sourceTree = "<group>"; };
		860C5321CB8646E7BB77D89A /* Pods-DiaryRecordTests.debug.xcconfig */ = {isa = PBXFileReference; includeInIndex = 1; lastKnownFileType = text.xcconfig; name = "Pods-DiaryRecordTests.debug.xcconfig"; path = "Pods/Target Support Files/Pods-DiaryRecordTests/Pods-DiaryRecordTests.debug.xcconfig"; sourceTree = "<group>"; };
		9BF1BC7B5F0A786DE7ADC912 /* Pods-DiaryRecordUITests.release.xcconfig */ = {isa = PBXFileReference; includeInIndex = 1; lastKnownFileType = text.xcconfig; name = "Pods-DiaryRecordUITests.release.xcconfig"; path = "Pods/Target Support Files/Pods-DiaryRecordUITests/Pods-DiaryRecordUITests.release.xcconfig"; sourceTree = "<group>"; };
		ABC24D8B487FA3E087DB037B /* ImageFileManager.swift */ = {isa = PBXFileReference; fileEncoding = 4; lastKnownFileType = sourcecode.swift; path = ImageFileManager.swift; sourceTree = "<group>"; };
		BE16B1B79F052D6A31AF112B /* Pods_DiaryRecordTests.framework */ = {isa = PBXFileReference; explicitFileType = wrapper.framework; includeInIndex = 0; path = Pods_DiaryRecordTests.framework; sourceTree = BUILT_PRODUCTS_DIR; };
		D12BC7104B832B34A9C5DB7F /* Pods-DiaryRecord.release.xcconfig */ = {isa = PBXFileReference; includeInIndex = 1; lastKnownFileType = text.xcconfig; name = "Pods-DiaryRecord.release.xcconfig"; path = "Pods/Target Support Files/Pods-DiaryRecord/Pods-DiaryRecord.release.xcconfig"; sourceTree = "<group>"; };
		D606CBD34B097210781AEA0D /* Pods-DiaryRecordTests.release.xcconfig */ = {isa = PBXFileReference; includeInIndex = 1; lastKnownFileType = text.xcconfig; name = "Pods-DiaryRecordTests.release.xcconfig"; path = "Pods/Target Support Files/Pods-DiaryRecordTests/Pods-DiaryRecordTests.release.xcconfig"; sourceTree = "<group>"; };
		F2588E8105FABE59A6EDD6A4 /* Pods-DiaryRecordUITests.debug.xcconfig */ = {isa = PBXFileReference; includeInIndex = 1; lastKnownFileType = text.xcconfig; name = "Pods-DiaryRecordUITests.debug.xcconfig"; path = "Pods/Target Support Files/Pods-DiaryRecordUITests/Pods-DiaryRecordUITests.debug.xcconfig"; sourceTree = "<group>"; };
/* End PBXFileReference section */

/* Begin PBXFrameworksBuildPhase section */
		030DB0C51E407381004E3532 /* Frameworks */ = {
			isa = PBXFrameworksBuildPhase;
			buildActionMask = 2147483647;
			files = (
				7EC717151AD3900DCEEF166F /* Pods_DiaryRecord.framework in Frameworks */,
			);
			runOnlyForDeploymentPostprocessing = 0;
		};
		030DB0D91E407381004E3532 /* Frameworks */ = {
			isa = PBXFrameworksBuildPhase;
			buildActionMask = 2147483647;
			files = (
				E1012DD687F6A634A1914240 /* Pods_DiaryRecordTests.framework in Frameworks */,
			);
			runOnlyForDeploymentPostprocessing = 0;
		};
		030DB0E41E407381004E3532 /* Frameworks */ = {
			isa = PBXFrameworksBuildPhase;
			buildActionMask = 2147483647;
			files = (
				F4DFB04DC64CE03233C5CE5F /* Pods_DiaryRecordUITests.framework in Frameworks */,
			);
			runOnlyForDeploymentPostprocessing = 0;
		};
		035D7B9F1E48C36700F66B24 /* Frameworks */ = {
			isa = PBXFrameworksBuildPhase;
			buildActionMask = 2147483647;
			files = (
			);
			runOnlyForDeploymentPostprocessing = 0;
		};
		0375228E1E850BE20001B24F /* Frameworks */ = {
			isa = PBXFrameworksBuildPhase;
			buildActionMask = 2147483647;
			files = (
				037522931E850BE20001B24F /* NotificationCenter.framework in Frameworks */,
			);
			runOnlyForDeploymentPostprocessing = 0;
		};
/* End PBXFrameworksBuildPhase section */

/* Begin PBXGroup section */
		030DB0BF1E407380004E3532 = {
			isa = PBXGroup;
			children = (
				037522941E850BE20001B24F /* BookmarkExtention */,
				030DB0CA1E407381004E3532 /* DiaryRecord */,
				03AAC6D91EA5ABB400C2BF4D /* Defer */,
				030DB0DF1E407381004E3532 /* DiaryRecordTests */,
				030DB0EA1E407381004E3532 /* DiaryRecordUITests */,
				030DB0C91E407381004E3532 /* Products */,
				89D8A3F194E92ECB280ED4BF /* Pods */,
				327F24A6340420683E7F6A51 /* Frameworks */,
			);
			sourceTree = "<group>";
		};
		030DB0C91E407381004E3532 /* Products */ = {
			isa = PBXGroup;
			children = (
				030DB0C81E407381004E3532 /* DiaryRecord.app */,
				030DB0DC1E407381004E3532 /* DiaryRecordTests.xctest */,
				030DB0E71E407381004E3532 /* DiaryRecordUITests.xctest */,
				035D7BA21E48C36700F66B24 /* LoggerTest.xctest */,
				037522911E850BE20001B24F /* BookmarkExtention.appex */,
			);
			name = Products;
			sourceTree = "<group>";
		};
		030DB0CA1E407381004E3532 /* DiaryRecord */ = {
			isa = PBXGroup;
			children = (
				03522BB01E8E36D900D86E90 /* DiaryRecord.entitlements */,
				030DB0D71E407381004E3532 /* Info.plist */,
				03C043651E78F30E0075C09E /* Main.storyboard */,
				030DB0D41E407381004E3532 /* LaunchScreen.storyboard */,
				030DB0D21E407381004E3532 /* Assets.xcassets */,
				03B6EA931E616814002CFB29 /* Resources */,
				03B6EA8D1E61675F002CFB29 /* Infra */,
				03B6EA8B1E61672C002CFB29 /* MVC */,
			);
			path = DiaryRecord;
			sourceTree = "<group>";
		};
		030DB0DF1E407381004E3532 /* DiaryRecordTests */ = {
			isa = PBXGroup;
			children = (
				030DB0E01E407381004E3532 /* DiaryRecordTests.swift */,
				030DB0E21E407381004E3532 /* Info.plist */,
			);
			path = DiaryRecordTests;
			sourceTree = "<group>";
		};
		030DB0EA1E407381004E3532 /* DiaryRecordUITests */ = {
			isa = PBXGroup;
			children = (
				030DB0EB1E407381004E3532 /* DiaryRecordUITests.swift */,
				030DB0ED1E407381004E3532 /* Info.plist */,
			);
			path = DiaryRecordUITests;
			sourceTree = "<group>";
		};
		031DC6051EA9C18700BEC763 /* icon */ = {
			isa = PBXGroup;
			children = (
				036B6A211E9D13A0006A044E /* gallery.png */,
				036B6A221E9D13A0006A044E /* cloud.png */,
				036B6A231E9D13A0006A044E /* coffee.png */,
				036B6A241E9D13A0006A044E /* delete.png */,
				03AAC6BA1EA49C9000C2BF4D /* delete_item.png */,
				036B6A251E9D13A0006A044E /* download.png */,
				036B6A261E9D13A0006A044E /* like.png */,
				036B6A271E9D13A0006A044E /* lock.png */,
				03AAC6BC1EA49D3100C2BF4D /* lock_item.png */,
				036B6A281E9D13A0006A044E /* search.png */,
				036B6A2A1E9D13A0006A044E /* upload.png */,
				036B6A2D1E9D13A0006A044E /* no.png */,
				03A7A2731E82518D0074CCFE /* update.png */,
				03A7A2831E82532D0074CCFE /* back.png */,
				03A6E3551E8414430039056D /* down.png */,
				036B6A1B1E9D1015006A044E /* setting.png */,
				036B6A1F1E9D11EA006A044E /* write.png */,
				037522AA1E862C090001B24F /* moon2.png */,
				037522AC1E862D860001B24F /* moon1.png */,
				034AFBA21EA06EDE00DE1262 /* dontKnow.png */,
				034AFBA31EA06EDE00DE1262 /* know.png */,
				037343151E9C82D300FDFF91 /* speicalCell.jpg */,
				031DC5D91EA72DCE00BEC763 /* dontKnow_box.png */,
				031DC5DA1EA72DCE00BEC763 /* know_box.png */,
				031DC5CF1EA7241E00BEC763 /* donKnow_m.png */,
				031DC5D01EA7241E00BEC763 /* donKnow1_m.png */,
				031DC5D11EA7241E00BEC763 /* donKnow2_m.png */,
				031DC5D21EA7241E00BEC763 /* donKnow3_m.png */,
				031DC5D31EA7241E00BEC763 /* know_m.png */,
			);
			name = icon;
			sourceTree = "<group>";
		};
		031DC6061EA9C1A700BEC763 /* font */ = {
			isa = PBXGroup;
			children = (
				031DC6081EA9C28B00BEC763 /* SeoulHangangM.otf */,
				0376929C1E55DE2200C0CCCB /* NanumMyeongjo.ttc */,
				0376929D1E55DE3F00C0CCCB /* NanumMyeongjo.ttc */,
			);
			name = font;
			sourceTree = "<group>";
		};
		031DC6071EA9C1AE00BEC763 /* image */ = {
			isa = PBXGroup;
			children = (
				037522A21E856F260001B24F /* appIcon_1.jpg */,
				037522A81E86294F0001B24F /* LanchScreen_6.jpg */,
				031DC5E31EA743DD00BEC763 /* lanchIcon.png */,
				037522A41E856F7B0001B24F /* LanchScreen_1.jpg */,
				031DC5DD1EA73AF200BEC763 /* LanchScreen_cat_after.png */,
				031DC5DE1EA73AF200BEC763 /* LanchScreen_cat_before.png */,
			);
			name = image;
			sourceTree = "<group>";
		};
		037522941E850BE20001B24F /* BookmarkExtention */ = {
			isa = PBXGroup;
			children = (
				03522BB11E8E3BEB00D86E90 /* BookmarkExtention.entitlements */,
				037522951E850BE20001B24F /* TodayViewController.swift */,
				03462A3E1E913B9E00A2E5D1 /* wedget.jpg */,
				037522971E850BE20001B24F /* MainInterface.storyboard */,
				0375229A1E850BE20001B24F /* Info.plist */,
			);
			path = BookmarkExtention;
			sourceTree = "<group>";
		};
		037692981E5488B600C0CCCB /* View */ = {
			isa = PBXGroup;
			children = (
				037692921E54885500C0CCCB /* CardView.swift */,
				0399B20A1E656472003E8672 /* WriteBox.swift */,
				03C702B31E84CE6E00B15033 /* ImageBox.swift */,
			);
			name = View;
			sourceTree = "<group>";
		};
		03AAC6D91EA5ABB400C2BF4D /* Defer */ = {
			isa = PBXGroup;
			children = (
				03AAC6B81EA472FD00C2BF4D /* EmailManager.swift */,
				03AAC6B61EA46DE700C2BF4D /* EmailViewController.swift */,
			);
			name = Defer;
			path = DiaryRecord;
			sourceTree = "<group>";
		};
		03B6EA8B1E61672C002CFB29 /* MVC */ = {
			isa = PBXGroup;
			children = (
				03B6EA8C1E616745002CFB29 /* Controller */,
				037692981E5488B600C0CCCB /* View */,
				03B6EA921E6167A3002CFB29 /* Model */,
			);
			name = MVC;
			sourceTree = "<group>";
		};
		03B6EA8C1E616745002CFB29 /* Controller */ = {
			isa = PBXGroup;
			children = (
				031DC5E51EA9AD9900BEC763 /* LaunchViewController.swift */,
				030DB0FF1E4075C8004E3532 /* MainTableViewController.swift */,
				030DB0FD1E4074E1004E3532 /* WriteViewController.swift */,
				037692901E51BA1E00C0CCCB /* ReadViewController.swift */,
				037624751E7E553F002C069A /* SettingTableViewController.swift */,
				03A7A26F1E817D160074CCFE /* SelectThemeViewController.swift */,
				0326B9591E8BB7F4006B20BA /* SelectWedgetTableViewController.swift */,
				036B6A3D1E9F3714006A044E /* PasswordViewController.swift */,
				03AAC6DA1EA5B38300C2BF4D /* SecretQuestionViewController.swift */,
				03AAC6B41EA4677300C2BF4D /* EnterPasswordViewController.swift */,
			);
			name = Controller;
			sourceTree = "<group>";
		};
		03B6EA8D1E61675F002CFB29 /* Infra */ = {
			isa = PBXGroup;
			children = (
				030DB0CB1E407381004E3532 /* AppDelegate.swift */,
				ABC24D8B487FA3E087DB037B /* ImageFileManager.swift */,
				0355407D1E7EA5920093A244 /* ColorManager.swift */,
				0326B9511E8B981F006B20BA /* WedgetManager.swift */,
				03A7A28D1E8271210074CCFE /* ThemeRepositroy.swift */,
				034AFBD41EA08AB600DE1262 /* KeychainManager.swift */,
				034AFBA91EA0776800DE1262 /* Keychain.h */,
				034AFBAA1EA0776800DE1262 /* Keychain.m */,
				034AFBB11EA07C7C00DE1262 /* DiaryRecord-Bridging-Header.h */,
				03B6EA901E61677B002CFB29 /* Logger */,
				03B6EA8E1E616768002CFB29 /* Support */,
			);
			name = Infra;
			sourceTree = "<group>";
		};
		03B6EA8E1E616768002CFB29 /* Support */ = {
			isa = PBXGroup;
			children = (
				03B6EA861E615D62002CFB29 /* Context.swift */,
				03D2AD9F1E508926002D4287 /* Extensions.swift */,
			);
			name = Support;
			sourceTree = "<group>";
		};
		03B6EA901E61677B002CFB29 /* Logger */ = {
			isa = PBXGroup;
			children = (
				035D7B991E48BE6800F66B24 /* Logger.swift */,
			);
			name = Logger;
			sourceTree = "<group>";
		};
		03B6EA921E6167A3002CFB29 /* Model */ = {
			isa = PBXGroup;
			children = (
				030DB1031E42285C004E3532 /* DiaryRepository.swift */,
				030DB1011E4186F3004E3532 /* Diary.swift */,
				0326B94F1E8B8CA1006B20BA /* SpecialDayRepository.swift */,
				0326B94D1E8B8B93006B20BA /* SpecialDay.swift */,
			);
			name = Model;
			sourceTree = "<group>";
		};
		03B6EA931E616814002CFB29 /* Resources */ = {
			isa = PBXGroup;
			children = (
				031DC6071EA9C1AE00BEC763 /* image */,
				031DC6061EA9C1A700BEC763 /* font */,
				031DC6051EA9C18700BEC763 /* icon */,
			);
			name = Resources;
			sourceTree = "<group>";
		};
		327F24A6340420683E7F6A51 /* Frameworks */ = {
			isa = PBXGroup;
			children = (
				37A0364A89EC26784AAF0D64 /* Pods_DiaryRecord.framework */,
				BE16B1B79F052D6A31AF112B /* Pods_DiaryRecordTests.framework */,
				42A877916CBD148333D0EB6C /* Pods_DiaryRecordUITests.framework */,
				037522921E850BE20001B24F /* NotificationCenter.framework */,
			);
			name = Frameworks;
			sourceTree = "<group>";
		};
		89D8A3F194E92ECB280ED4BF /* Pods */ = {
			isa = PBXGroup;
			children = (
				6BBDE77CB802E4881F7AFD3C /* Pods-DiaryRecord.debug.xcconfig */,
				D12BC7104B832B34A9C5DB7F /* Pods-DiaryRecord.release.xcconfig */,
				860C5321CB8646E7BB77D89A /* Pods-DiaryRecordTests.debug.xcconfig */,
				D606CBD34B097210781AEA0D /* Pods-DiaryRecordTests.release.xcconfig */,
				F2588E8105FABE59A6EDD6A4 /* Pods-DiaryRecordUITests.debug.xcconfig */,
				9BF1BC7B5F0A786DE7ADC912 /* Pods-DiaryRecordUITests.release.xcconfig */,
			);
			name = Pods;
			sourceTree = "<group>";
		};
/* End PBXGroup section */

/* Begin PBXNativeTarget section */
		030DB0C71E407381004E3532 /* DiaryRecord */ = {
			isa = PBXNativeTarget;
			buildConfigurationList = 030DB0F01E407381004E3532 /* Build configuration list for PBXNativeTarget "DiaryRecord" */;
			buildPhases = (
				5C2389BBA0960D36E88381D8 /* [CP] Check Pods Manifest.lock */,
				030DB0C41E407381004E3532 /* Sources */,
				030DB0C51E407381004E3532 /* Frameworks */,
				030DB0C61E407381004E3532 /* Resources */,
				660E9D7251DE25685A6823C1 /* [CP] Embed Pods Frameworks */,
				5F97810C0839B4FCBCA322D2 /* [CP] Copy Pods Resources */,
				037522A11E850BE20001B24F /* Embed App Extensions */,
			);
			buildRules = (
			);
			dependencies = (
				0375229C1E850BE20001B24F /* PBXTargetDependency */,
			);
			name = DiaryRecord;
			productName = DiaryRecord;
			productReference = 030DB0C81E407381004E3532 /* DiaryRecord.app */;
			productType = "com.apple.product-type.application";
		};
		030DB0DB1E407381004E3532 /* DiaryRecordTests */ = {
			isa = PBXNativeTarget;
			buildConfigurationList = 030DB0F31E407381004E3532 /* Build configuration list for PBXNativeTarget "DiaryRecordTests" */;
			buildPhases = (
				A8FE3DA0C5963C57CCDEA461 /* [CP] Check Pods Manifest.lock */,
				030DB0D81E407381004E3532 /* Sources */,
				030DB0D91E407381004E3532 /* Frameworks */,
				030DB0DA1E407381004E3532 /* Resources */,
				8201088410B3ADE7E8D0CA9B /* [CP] Embed Pods Frameworks */,
				8F4C0404C7B163F940D827C9 /* [CP] Copy Pods Resources */,
			);
			buildRules = (
			);
			dependencies = (
				030DB0DE1E407381004E3532 /* PBXTargetDependency */,
			);
			name = DiaryRecordTests;
			productName = DiaryRecordTests;
			productReference = 030DB0DC1E407381004E3532 /* DiaryRecordTests.xctest */;
			productType = "com.apple.product-type.bundle.unit-test";
		};
		030DB0E61E407381004E3532 /* DiaryRecordUITests */ = {
			isa = PBXNativeTarget;
			buildConfigurationList = 030DB0F61E407381004E3532 /* Build configuration list for PBXNativeTarget "DiaryRecordUITests" */;
			buildPhases = (
				F3AFBEDB8991EE466463D4BD /* [CP] Check Pods Manifest.lock */,
				030DB0E31E407381004E3532 /* Sources */,
				030DB0E41E407381004E3532 /* Frameworks */,
				030DB0E51E407381004E3532 /* Resources */,
				AD11C17CC2A43CC1F911D5BB /* [CP] Embed Pods Frameworks */,
				EDB15918E5B54F2350C03D5A /* [CP] Copy Pods Resources */,
			);
			buildRules = (
			);
			dependencies = (
				030DB0E91E407381004E3532 /* PBXTargetDependency */,
			);
			name = DiaryRecordUITests;
			productName = DiaryRecordUITests;
			productReference = 030DB0E71E407381004E3532 /* DiaryRecordUITests.xctest */;
			productType = "com.apple.product-type.bundle.ui-testing";
		};
		035D7BA11E48C36700F66B24 /* LoggerTest */ = {
			isa = PBXNativeTarget;
			buildConfigurationList = 035D7BA91E48C36700F66B24 /* Build configuration list for PBXNativeTarget "LoggerTest" */;
			buildPhases = (
				035D7B9E1E48C36700F66B24 /* Sources */,
				035D7B9F1E48C36700F66B24 /* Frameworks */,
				035D7BA01E48C36700F66B24 /* Resources */,
			);
			buildRules = (
			);
			dependencies = (
				035D7BA81E48C36700F66B24 /* PBXTargetDependency */,
			);
			name = LoggerTest;
			productName = LoggerTest;
			productReference = 035D7BA21E48C36700F66B24 /* LoggerTest.xctest */;
			productType = "com.apple.product-type.bundle.unit-test";
		};
		037522901E850BE20001B24F /* BookmarkExtention */ = {
			isa = PBXNativeTarget;
			buildConfigurationList = 037522A01E850BE20001B24F /* Build configuration list for PBXNativeTarget "BookmarkExtention" */;
			buildPhases = (
				0375228D1E850BE20001B24F /* Sources */,
				0375228E1E850BE20001B24F /* Frameworks */,
				0375228F1E850BE20001B24F /* Resources */,
			);
			buildRules = (
			);
			dependencies = (
			);
			name = BookmarkExtention;
			productName = BookmarkExtention;
			productReference = 037522911E850BE20001B24F /* BookmarkExtention.appex */;
			productType = "com.apple.product-type.app-extension";
		};
/* End PBXNativeTarget section */

/* Begin PBXProject section */
		030DB0C01E407380004E3532 /* Project object */ = {
			isa = PBXProject;
			attributes = {
				LastSwiftUpdateCheck = 0820;
				LastUpgradeCheck = 0820;
				ORGANIZATIONNAME = baecheese;
				TargetAttributes = {
					030DB0C71E407381004E3532 = {
						CreatedOnToolsVersion = 8.2.1;
						DevelopmentTeam = 3Z5E8777P2;
						LastSwiftMigration = 0820;
						ProvisioningStyle = Automatic;
						SystemCapabilities = {
							com.apple.ApplicationGroups.iOS = {
								enabled = 1;
							};
							com.apple.Keychain = {
								enabled = 1;
							};
						};
					};
					030DB0DB1E407381004E3532 = {
						CreatedOnToolsVersion = 8.2.1;
						DevelopmentTeam = 3Z5E8777P2;
						ProvisioningStyle = Automatic;
						TestTargetID = 030DB0C71E407381004E3532;
					};
					030DB0E61E407381004E3532 = {
						CreatedOnToolsVersion = 8.2.1;
						DevelopmentTeam = 3Z5E8777P2;
						ProvisioningStyle = Automatic;
						TestTargetID = 030DB0C71E407381004E3532;
					};
					035D7BA11E48C36700F66B24 = {
						CreatedOnToolsVersion = 8.2.1;
						DevelopmentTeam = 3Z5E8777P2;
						ProvisioningStyle = Automatic;
						TestTargetID = 030DB0C71E407381004E3532;
					};
					037522901E850BE20001B24F = {
						CreatedOnToolsVersion = 8.2.1;
						DevelopmentTeam = 3Z5E8777P2;
						ProvisioningStyle = Automatic;
						SystemCapabilities = {
							com.apple.ApplicationGroups.iOS = {
								enabled = 1;
							};
						};
					};
				};
			};
			buildConfigurationList = 030DB0C31E407380004E3532 /* Build configuration list for PBXProject "DiaryRecord" */;
			compatibilityVersion = "Xcode 3.2";
			developmentRegion = English;
			hasScannedForEncodings = 0;
			knownRegions = (
				en,
				Base,
			);
			mainGroup = 030DB0BF1E407380004E3532;
			productRefGroup = 030DB0C91E407381004E3532 /* Products */;
			projectDirPath = "";
			projectRoot = "";
			targets = (
				030DB0C71E407381004E3532 /* DiaryRecord */,
				030DB0DB1E407381004E3532 /* DiaryRecordTests */,
				030DB0E61E407381004E3532 /* DiaryRecordUITests */,
				035D7BA11E48C36700F66B24 /* LoggerTest */,
				037522901E850BE20001B24F /* BookmarkExtention */,
			);
		};
/* End PBXProject section */

/* Begin PBXResourcesBuildPhase section */
		030DB0C61E407381004E3532 /* Resources */ = {
			isa = PBXResourcesBuildPhase;
			buildActionMask = 2147483647;
			files = (
				031DC6091EA9C2F100BEC763 /* SeoulHangangM.otf in Resources */,
				036B6A3A1E9D13A0006A044E /* no.png in Resources */,
				036B6A341E9D13A0006A044E /* lock.png in Resources */,
				037522AD1E862D860001B24F /* moon1.png in Resources */,
				03C043671E78F30E0075C09E /* Main.storyboard in Resources */,
				037343161E9C82D300FDFF91 /* speicalCell.jpg in Resources */,
				036B6A2F1E9D13A0006A044E /* cloud.png in Resources */,
				031DC5DF1EA73AF200BEC763 /* LanchScreen_cat_after.png in Resources */,
				037522A51E856F7B0001B24F /* LanchScreen_1.jpg in Resources */,
				03A7A27A1E82518D0074CCFE /* update.png in Resources */,
				036B6A1C1E9D1015006A044E /* setting.png in Resources */,
				030DB0D61E407381004E3532 /* LaunchScreen.storyboard in Resources */,
				031DC5D51EA7241E00BEC763 /* donKnow1_m.png in Resources */,
				036B6A351E9D13A0006A044E /* search.png in Resources */,
				03A6E3571E8414430039056D /* down.png in Resources */,
				0376929E1E55DE3F00C0CCCB /* NanumMyeongjo.ttc in Resources */,
				036B6A371E9D13A0006A044E /* upload.png in Resources */,
				036B6A331E9D13A0006A044E /* like.png in Resources */,
				031DC5E41EA743DE00BEC763 /* lanchIcon.png in Resources */,
				036B6A301E9D13A0006A044E /* coffee.png in Resources */,
				031DC5D41EA7241E00BEC763 /* donKnow_m.png in Resources */,
				031DC5DC1EA72DCE00BEC763 /* know_box.png in Resources */,
				037522A31E856F260001B24F /* appIcon_1.jpg in Resources */,
				036B6A2E1E9D13A0006A044E /* gallery.png in Resources */,
				03A7A2841E82532D0074CCFE /* back.png in Resources */,
				034AFBA41EA06EDE00DE1262 /* dontKnow.png in Resources */,
				031DC5D71EA7241E00BEC763 /* donKnow3_m.png in Resources */,
				031DC5DB1EA72DCE00BEC763 /* dontKnow_box.png in Resources */,
				030DB0D31E407381004E3532 /* Assets.xcassets in Resources */,
				037522AB1E862C090001B24F /* moon2.png in Resources */,
				037522A91E86294F0001B24F /* LanchScreen_6.jpg in Resources */,
				036B6A311E9D13A0006A044E /* delete.png in Resources */,
				031DC5E01EA73AF200BEC763 /* LanchScreen_cat_before.png in Resources */,
				036B6A321E9D13A0006A044E /* download.png in Resources */,
				031DC5D81EA7241E00BEC763 /* know_m.png in Resources */,
				036B6A201E9D11EA006A044E /* write.png in Resources */,
				034AFBA51EA06EDE00DE1262 /* know.png in Resources */,
				03AAC6BD1EA49D3100C2BF4D /* lock_item.png in Resources */,
				03AAC6BB1EA49C9000C2BF4D /* delete_item.png in Resources */,
				031DC5D61EA7241E00BEC763 /* donKnow2_m.png in Resources */,
			);
			runOnlyForDeploymentPostprocessing = 0;
		};
		030DB0DA1E407381004E3532 /* Resources */ = {
			isa = PBXResourcesBuildPhase;
			buildActionMask = 2147483647;
			files = (
			);
			runOnlyForDeploymentPostprocessing = 0;
		};
		030DB0E51E407381004E3532 /* Resources */ = {
			isa = PBXResourcesBuildPhase;
			buildActionMask = 2147483647;
			files = (
			);
			runOnlyForDeploymentPostprocessing = 0;
		};
		035D7BA01E48C36700F66B24 /* Resources */ = {
			isa = PBXResourcesBuildPhase;
			buildActionMask = 2147483647;
			files = (
			);
			runOnlyForDeploymentPostprocessing = 0;
		};
		0375228F1E850BE20001B24F /* Resources */ = {
			isa = PBXResourcesBuildPhase;
			buildActionMask = 2147483647;
			files = (
				037522991E850BE20001B24F /* MainInterface.storyboard in Resources */,
				03462A3F1E913B9E00A2E5D1 /* wedget.jpg in Resources */,
			);
			runOnlyForDeploymentPostprocessing = 0;
		};
/* End PBXResourcesBuildPhase section */

/* Begin PBXShellScriptBuildPhase section */
		5C2389BBA0960D36E88381D8 /* [CP] Check Pods Manifest.lock */ = {
			isa = PBXShellScriptBuildPhase;
			buildActionMask = 2147483647;
			files = (
			);
			inputPaths = (
			);
			name = "[CP] Check Pods Manifest.lock";
			outputPaths = (
			);
			runOnlyForDeploymentPostprocessing = 0;
			shellPath = /bin/sh;
			shellScript = "diff \"${PODS_ROOT}/../Podfile.lock\" \"${PODS_ROOT}/Manifest.lock\" > /dev/null\nif [ $? != 0 ] ; then\n    # print error to STDERR\n    echo \"error: The sandbox is not in sync with the Podfile.lock. Run 'pod install' or update your CocoaPods installation.\" >&2\n    exit 1\nfi\n";
			showEnvVarsInLog = 0;
		};
		5F97810C0839B4FCBCA322D2 /* [CP] Copy Pods Resources */ = {
			isa = PBXShellScriptBuildPhase;
			buildActionMask = 2147483647;
			files = (
			);
			inputPaths = (
			);
			name = "[CP] Copy Pods Resources";
			outputPaths = (
			);
			runOnlyForDeploymentPostprocessing = 0;
			shellPath = /bin/sh;
			shellScript = "\"${SRCROOT}/Pods/Target Support Files/Pods-DiaryRecord/Pods-DiaryRecord-resources.sh\"\n";
			showEnvVarsInLog = 0;
		};
		660E9D7251DE25685A6823C1 /* [CP] Embed Pods Frameworks */ = {
			isa = PBXShellScriptBuildPhase;
			buildActionMask = 2147483647;
			files = (
			);
			inputPaths = (
			);
			name = "[CP] Embed Pods Frameworks";
			outputPaths = (
			);
			runOnlyForDeploymentPostprocessing = 0;
			shellPath = /bin/sh;
			shellScript = "\"${SRCROOT}/Pods/Target Support Files/Pods-DiaryRecord/Pods-DiaryRecord-frameworks.sh\"\n";
			showEnvVarsInLog = 0;
		};
		8201088410B3ADE7E8D0CA9B /* [CP] Embed Pods Frameworks */ = {
			isa = PBXShellScriptBuildPhase;
			buildActionMask = 2147483647;
			files = (
			);
			inputPaths = (
			);
			name = "[CP] Embed Pods Frameworks";
			outputPaths = (
			);
			runOnlyForDeploymentPostprocessing = 0;
			shellPath = /bin/sh;
			shellScript = "\"${SRCROOT}/Pods/Target Support Files/Pods-DiaryRecordTests/Pods-DiaryRecordTests-frameworks.sh\"\n";
			showEnvVarsInLog = 0;
		};
		8F4C0404C7B163F940D827C9 /* [CP] Copy Pods Resources */ = {
			isa = PBXShellScriptBuildPhase;
			buildActionMask = 2147483647;
			files = (
			);
			inputPaths = (
			);
			name = "[CP] Copy Pods Resources";
			outputPaths = (
			);
			runOnlyForDeploymentPostprocessing = 0;
			shellPath = /bin/sh;
			shellScript = "\"${SRCROOT}/Pods/Target Support Files/Pods-DiaryRecordTests/Pods-DiaryRecordTests-resources.sh\"\n";
			showEnvVarsInLog = 0;
		};
		A8FE3DA0C5963C57CCDEA461 /* [CP] Check Pods Manifest.lock */ = {
			isa = PBXShellScriptBuildPhase;
			buildActionMask = 2147483647;
			files = (
			);
			inputPaths = (
			);
			name = "[CP] Check Pods Manifest.lock";
			outputPaths = (
			);
			runOnlyForDeploymentPostprocessing = 0;
			shellPath = /bin/sh;
			shellScript = "diff \"${PODS_ROOT}/../Podfile.lock\" \"${PODS_ROOT}/Manifest.lock\" > /dev/null\nif [ $? != 0 ] ; then\n    # print error to STDERR\n    echo \"error: The sandbox is not in sync with the Podfile.lock. Run 'pod install' or update your CocoaPods installation.\" >&2\n    exit 1\nfi\n";
			showEnvVarsInLog = 0;
		};
		AD11C17CC2A43CC1F911D5BB /* [CP] Embed Pods Frameworks */ = {
			isa = PBXShellScriptBuildPhase;
			buildActionMask = 2147483647;
			files = (
			);
			inputPaths = (
			);
			name = "[CP] Embed Pods Frameworks";
			outputPaths = (
			);
			runOnlyForDeploymentPostprocessing = 0;
			shellPath = /bin/sh;
			shellScript = "\"${SRCROOT}/Pods/Target Support Files/Pods-DiaryRecordUITests/Pods-DiaryRecordUITests-frameworks.sh\"\n";
			showEnvVarsInLog = 0;
		};
		EDB15918E5B54F2350C03D5A /* [CP] Copy Pods Resources */ = {
			isa = PBXShellScriptBuildPhase;
			buildActionMask = 2147483647;
			files = (
			);
			inputPaths = (
			);
			name = "[CP] Copy Pods Resources";
			outputPaths = (
			);
			runOnlyForDeploymentPostprocessing = 0;
			shellPath = /bin/sh;
			shellScript = "\"${SRCROOT}/Pods/Target Support Files/Pods-DiaryRecordUITests/Pods-DiaryRecordUITests-resources.sh\"\n";
			showEnvVarsInLog = 0;
		};
		F3AFBEDB8991EE466463D4BD /* [CP] Check Pods Manifest.lock */ = {
			isa = PBXShellScriptBuildPhase;
			buildActionMask = 2147483647;
			files = (
			);
			inputPaths = (
			);
			name = "[CP] Check Pods Manifest.lock";
			outputPaths = (
			);
			runOnlyForDeploymentPostprocessing = 0;
			shellPath = /bin/sh;
			shellScript = "diff \"${PODS_ROOT}/../Podfile.lock\" \"${PODS_ROOT}/Manifest.lock\" > /dev/null\nif [ $? != 0 ] ; then\n    # print error to STDERR\n    echo \"error: The sandbox is not in sync with the Podfile.lock. Run 'pod install' or update your CocoaPods installation.\" >&2\n    exit 1\nfi\n";
			showEnvVarsInLog = 0;
		};
/* End PBXShellScriptBuildPhase section */

/* Begin PBXSourcesBuildPhase section */
		030DB0C41E407381004E3532 /* Sources */ = {
			isa = PBXSourcesBuildPhase;
			buildActionMask = 2147483647;
			files = (
				031DC5E61EA9AD9900BEC763 /* LaunchViewController.swift in Sources */,
				03AAC6B71EA46DE700C2BF4D /* EmailViewController.swift in Sources */,
				030DB0CC1E407381004E3532 /* AppDelegate.swift in Sources */,
				037624761E7E553F002C069A /* SettingTableViewController.swift in Sources */,
				03AAC6DB1EA5B38300C2BF4D /* SecretQuestionViewController.swift in Sources */,
				03A7A2701E817D160074CCFE /* SelectThemeViewController.swift in Sources */,
				034AFBD51EA08AB600DE1262 /* KeychainManager.swift in Sources */,
				03A7A28E1E8271210074CCFE /* ThemeRepositroy.swift in Sources */,
				0326B94E1E8B8B93006B20BA /* SpecialDay.swift in Sources */,
				03AAC6B91EA472FD00C2BF4D /* EmailManager.swift in Sources */,
				0326B9501E8B8CA1006B20BA /* SpecialDayRepository.swift in Sources */,
				03D2ADA01E508926002D4287 /* Extensions.swift in Sources */,
				030DB0FE1E4074E1004E3532 /* WriteViewController.swift in Sources */,
				030DB1001E4075C8004E3532 /* MainTableViewController.swift in Sources */,
				0326B9521E8B981F006B20BA /* WedgetManager.swift in Sources */,
				037692931E54885500C0CCCB /* CardView.swift in Sources */,
				037692911E51BA1E00C0CCCB /* ReadViewController.swift in Sources */,
				0355407E1E7EA5920093A244 /* ColorManager.swift in Sources */,
				03B6EA871E615D62002CFB29 /* Context.swift in Sources */,
				035D7B9A1E48BE6800F66B24 /* Logger.swift in Sources */,
				030DB1021E4186F3004E3532 /* Diary.swift in Sources */,
				0399B20B1E656472003E8672 /* WriteBox.swift in Sources */,
				036B6A3E1E9F3714006A044E /* PasswordViewController.swift in Sources */,
				0326B95A1E8BB7F4006B20BA /* SelectWedgetTableViewController.swift in Sources */,
				030DB1041E42285C004E3532 /* DiaryRepository.swift in Sources */,
				03AAC6B51EA4677300C2BF4D /* EnterPasswordViewController.swift in Sources */,
				03C702B41E84CE6E00B15033 /* ImageBox.swift in Sources */,
				ABC2483A4D7044BDBA0F1310 /* ImageFileManager.swift in Sources */,
				034AFBAB1EA0776800DE1262 /* Keychain.m in Sources */,
			);
			runOnlyForDeploymentPostprocessing = 0;
		};
		030DB0D81E407381004E3532 /* Sources */ = {
			isa = PBXSourcesBuildPhase;
			buildActionMask = 2147483647;
			files = (
				030DB0E11E407381004E3532 /* DiaryRecordTests.swift in Sources */,
			);
			runOnlyForDeploymentPostprocessing = 0;
		};
		030DB0E31E407381004E3532 /* Sources */ = {
			isa = PBXSourcesBuildPhase;
			buildActionMask = 2147483647;
			files = (
				030DB0EC1E407381004E3532 /* DiaryRecordUITests.swift in Sources */,
			);
			runOnlyForDeploymentPostprocessing = 0;
		};
		035D7B9E1E48C36700F66B24 /* Sources */ = {
			isa = PBXSourcesBuildPhase;
			buildActionMask = 2147483647;
			files = (
			);
			runOnlyForDeploymentPostprocessing = 0;
		};
		0375228D1E850BE20001B24F /* Sources */ = {
			isa = PBXSourcesBuildPhase;
			buildActionMask = 2147483647;
			files = (
				037522961E850BE20001B24F /* TodayViewController.swift in Sources */,
			);
			runOnlyForDeploymentPostprocessing = 0;
		};
/* End PBXSourcesBuildPhase section */

/* Begin PBXTargetDependency section */
		030DB0DE1E407381004E3532 /* PBXTargetDependency */ = {
			isa = PBXTargetDependency;
			target = 030DB0C71E407381004E3532 /* DiaryRecord */;
			targetProxy = 030DB0DD1E407381004E3532 /* PBXContainerItemProxy */;
		};
		030DB0E91E407381004E3532 /* PBXTargetDependency */ = {
			isa = PBXTargetDependency;
			target = 030DB0C71E407381004E3532 /* DiaryRecord */;
			targetProxy = 030DB0E81E407381004E3532 /* PBXContainerItemProxy */;
		};
		035D7BA81E48C36700F66B24 /* PBXTargetDependency */ = {
			isa = PBXTargetDependency;
			target = 030DB0C71E407381004E3532 /* DiaryRecord */;
			targetProxy = 035D7BA71E48C36700F66B24 /* PBXContainerItemProxy */;
		};
		0375229C1E850BE20001B24F /* PBXTargetDependency */ = {
			isa = PBXTargetDependency;
			target = 037522901E850BE20001B24F /* BookmarkExtention */;
			targetProxy = 0375229B1E850BE20001B24F /* PBXContainerItemProxy */;
		};
/* End PBXTargetDependency section */

/* Begin PBXVariantGroup section */
		030DB0D41E407381004E3532 /* LaunchScreen.storyboard */ = {
			isa = PBXVariantGroup;
			children = (
				030DB0D51E407381004E3532 /* Base */,
			);
			name = LaunchScreen.storyboard;
			sourceTree = "<group>";
		};
		037522971E850BE20001B24F /* MainInterface.storyboard */ = {
			isa = PBXVariantGroup;
			children = (
				037522981E850BE20001B24F /* Base */,
			);
			name = MainInterface.storyboard;
			sourceTree = "<group>";
		};
		03C043651E78F30E0075C09E /* Main.storyboard */ = {
			isa = PBXVariantGroup;
			children = (
				03C043661E78F30E0075C09E /* Base */,
			);
			name = Main.storyboard;
			sourceTree = "<group>";
		};
/* End PBXVariantGroup section */

/* Begin XCBuildConfiguration section */
		030DB0EE1E407381004E3532 /* Debug */ = {
			isa = XCBuildConfiguration;
			buildSettings = {
				ALWAYS_SEARCH_USER_PATHS = NO;
				CLANG_ANALYZER_NONNULL = YES;
				CLANG_CXX_LANGUAGE_STANDARD = "gnu++0x";
				CLANG_CXX_LIBRARY = "libc++";
				CLANG_ENABLE_MODULES = YES;
				CLANG_ENABLE_OBJC_ARC = YES;
				CLANG_WARN_BOOL_CONVERSION = YES;
				CLANG_WARN_CONSTANT_CONVERSION = YES;
				CLANG_WARN_DIRECT_OBJC_ISA_USAGE = YES_ERROR;
				CLANG_WARN_DOCUMENTATION_COMMENTS = YES;
				CLANG_WARN_EMPTY_BODY = YES;
				CLANG_WARN_ENUM_CONVERSION = YES;
				CLANG_WARN_INFINITE_RECURSION = YES;
				CLANG_WARN_INT_CONVERSION = YES;
				CLANG_WARN_OBJC_ROOT_CLASS = YES_ERROR;
				CLANG_WARN_SUSPICIOUS_MOVE = YES;
				CLANG_WARN_UNREACHABLE_CODE = YES;
				CLANG_WARN__DUPLICATE_METHOD_MATCH = YES;
				"CODE_SIGN_IDENTITY[sdk=iphoneos*]" = "iPhone Developer";
				COPY_PHASE_STRIP = NO;
				DEBUG_INFORMATION_FORMAT = dwarf;
				ENABLE_STRICT_OBJC_MSGSEND = YES;
				ENABLE_TESTABILITY = YES;
				GCC_C_LANGUAGE_STANDARD = gnu99;
				GCC_DYNAMIC_NO_PIC = NO;
				GCC_NO_COMMON_BLOCKS = YES;
				GCC_OPTIMIZATION_LEVEL = 0;
				GCC_PREPROCESSOR_DEFINITIONS = (
					"DEBUG=1",
					"$(inherited)",
				);
				GCC_WARN_64_TO_32_BIT_CONVERSION = YES;
				GCC_WARN_ABOUT_RETURN_TYPE = YES_ERROR;
				GCC_WARN_UNDECLARED_SELECTOR = YES;
				GCC_WARN_UNINITIALIZED_AUTOS = YES_AGGRESSIVE;
				GCC_WARN_UNUSED_FUNCTION = YES;
				GCC_WARN_UNUSED_VARIABLE = YES;
				IPHONEOS_DEPLOYMENT_TARGET = 10.2;
				MTL_ENABLE_DEBUG_INFO = YES;
				ONLY_ACTIVE_ARCH = YES;
				SDKROOT = iphoneos;
				SWIFT_ACTIVE_COMPILATION_CONDITIONS = DEBUG;
				SWIFT_OPTIMIZATION_LEVEL = "-Onone";
			};
			name = Debug;
		};
		030DB0EF1E407381004E3532 /* Release */ = {
			isa = XCBuildConfiguration;
			buildSettings = {
				ALWAYS_SEARCH_USER_PATHS = NO;
				CLANG_ANALYZER_NONNULL = YES;
				CLANG_CXX_LANGUAGE_STANDARD = "gnu++0x";
				CLANG_CXX_LIBRARY = "libc++";
				CLANG_ENABLE_MODULES = YES;
				CLANG_ENABLE_OBJC_ARC = YES;
				CLANG_WARN_BOOL_CONVERSION = YES;
				CLANG_WARN_CONSTANT_CONVERSION = YES;
				CLANG_WARN_DIRECT_OBJC_ISA_USAGE = YES_ERROR;
				CLANG_WARN_DOCUMENTATION_COMMENTS = YES;
				CLANG_WARN_EMPTY_BODY = YES;
				CLANG_WARN_ENUM_CONVERSION = YES;
				CLANG_WARN_INFINITE_RECURSION = YES;
				CLANG_WARN_INT_CONVERSION = YES;
				CLANG_WARN_OBJC_ROOT_CLASS = YES_ERROR;
				CLANG_WARN_SUSPICIOUS_MOVE = YES;
				CLANG_WARN_UNREACHABLE_CODE = YES;
				CLANG_WARN__DUPLICATE_METHOD_MATCH = YES;
				"CODE_SIGN_IDENTITY[sdk=iphoneos*]" = "iPhone Developer";
				COPY_PHASE_STRIP = NO;
				DEBUG_INFORMATION_FORMAT = "dwarf-with-dsym";
				ENABLE_NS_ASSERTIONS = NO;
				ENABLE_STRICT_OBJC_MSGSEND = YES;
				GCC_C_LANGUAGE_STANDARD = gnu99;
				GCC_NO_COMMON_BLOCKS = YES;
				GCC_WARN_64_TO_32_BIT_CONVERSION = YES;
				GCC_WARN_ABOUT_RETURN_TYPE = YES_ERROR;
				GCC_WARN_UNDECLARED_SELECTOR = YES;
				GCC_WARN_UNINITIALIZED_AUTOS = YES_AGGRESSIVE;
				GCC_WARN_UNUSED_FUNCTION = YES;
				GCC_WARN_UNUSED_VARIABLE = YES;
				IPHONEOS_DEPLOYMENT_TARGET = 10.2;
				MTL_ENABLE_DEBUG_INFO = NO;
				SDKROOT = iphoneos;
				SWIFT_OPTIMIZATION_LEVEL = "-Owholemodule";
				VALIDATE_PRODUCT = YES;
			};
			name = Release;
		};
		030DB0F11E407381004E3532 /* Debug */ = {
			isa = XCBuildConfiguration;
			baseConfigurationReference = 6BBDE77CB802E4881F7AFD3C /* Pods-DiaryRecord.debug.xcconfig */;
			buildSettings = {
				ALWAYS_EMBED_SWIFT_STANDARD_LIBRARIES = YES;
				ASSETCATALOG_COMPILER_APPICON_NAME = AppIcon;
				CLANG_ENABLE_MODULES = YES;
				CODE_SIGN_ENTITLEMENTS = DiaryRecord/DiaryRecord.entitlements;
				DEVELOPMENT_TEAM = 3Z5E8777P2;
				INFOPLIST_FILE = DiaryRecord/Info.plist;
				LD_RUNPATH_SEARCH_PATHS = "$(inherited) @executable_path/Frameworks";
				PRODUCT_BUNDLE_IDENTIFIER = com.baecheese.DiaryRecord;
				PRODUCT_NAME = "$(TARGET_NAME)";
				SWIFT_OBJC_BRIDGING_HEADER = "DiaryRecord/DiaryRecord-Bridging-Header.h";
				SWIFT_OPTIMIZATION_LEVEL = "-Onone";
				SWIFT_VERSION = 3.0;
			};
			name = Debug;
		};
		030DB0F21E407381004E3532 /* Release */ = {
			isa = XCBuildConfiguration;
			baseConfigurationReference = D12BC7104B832B34A9C5DB7F /* Pods-DiaryRecord.release.xcconfig */;
			buildSettings = {
				ALWAYS_EMBED_SWIFT_STANDARD_LIBRARIES = YES;
				ASSETCATALOG_COMPILER_APPICON_NAME = AppIcon;
				CLANG_ENABLE_MODULES = YES;
				CODE_SIGN_ENTITLEMENTS = DiaryRecord/DiaryRecord.entitlements;
				DEVELOPMENT_TEAM = 3Z5E8777P2;
				INFOPLIST_FILE = DiaryRecord/Info.plist;
				LD_RUNPATH_SEARCH_PATHS = "$(inherited) @executable_path/Frameworks";
				PRODUCT_BUNDLE_IDENTIFIER = com.baecheese.DiaryRecord;
				PRODUCT_NAME = "$(TARGET_NAME)";
				SWIFT_OBJC_BRIDGING_HEADER = "DiaryRecord/DiaryRecord-Bridging-Header.h";
				SWIFT_VERSION = 3.0;
			};
			name = Release;
		};
		030DB0F41E407381004E3532 /* Debug */ = {
			isa = XCBuildConfiguration;
			baseConfigurationReference = 860C5321CB8646E7BB77D89A /* Pods-DiaryRecordTests.debug.xcconfig */;
			buildSettings = {
				ALWAYS_EMBED_SWIFT_STANDARD_LIBRARIES = YES;
				BUNDLE_LOADER = "$(TEST_HOST)";
				DEVELOPMENT_TEAM = 3Z5E8777P2;
				INFOPLIST_FILE = DiaryRecordTests/Info.plist;
				LD_RUNPATH_SEARCH_PATHS = "$(inherited) @executable_path/Frameworks @loader_path/Frameworks";
				PRODUCT_BUNDLE_IDENTIFIER = com.baecheese.DiaryRecordTests;
				PRODUCT_NAME = "$(TARGET_NAME)";
				SWIFT_VERSION = 3.0;
				TEST_HOST = "$(BUILT_PRODUCTS_DIR)/DiaryRecord.app/DiaryRecord";
			};
			name = Debug;
		};
		030DB0F51E407381004E3532 /* Release */ = {
			isa = XCBuildConfiguration;
			baseConfigurationReference = D606CBD34B097210781AEA0D /* Pods-DiaryRecordTests.release.xcconfig */;
			buildSettings = {
				ALWAYS_EMBED_SWIFT_STANDARD_LIBRARIES = YES;
				BUNDLE_LOADER = "$(TEST_HOST)";
				DEVELOPMENT_TEAM = 3Z5E8777P2;
				INFOPLIST_FILE = DiaryRecordTests/Info.plist;
				LD_RUNPATH_SEARCH_PATHS = "$(inherited) @executable_path/Frameworks @loader_path/Frameworks";
				PRODUCT_BUNDLE_IDENTIFIER = com.baecheese.DiaryRecordTests;
				PRODUCT_NAME = "$(TARGET_NAME)";
				SWIFT_VERSION = 3.0;
				TEST_HOST = "$(BUILT_PRODUCTS_DIR)/DiaryRecord.app/DiaryRecord";
			};
			name = Release;
		};
		030DB0F71E407381004E3532 /* Debug */ = {
			isa = XCBuildConfiguration;
			baseConfigurationReference = F2588E8105FABE59A6EDD6A4 /* Pods-DiaryRecordUITests.debug.xcconfig */;
			buildSettings = {
				ALWAYS_EMBED_SWIFT_STANDARD_LIBRARIES = YES;
				DEVELOPMENT_TEAM = 3Z5E8777P2;
				INFOPLIST_FILE = DiaryRecordUITests/Info.plist;
				LD_RUNPATH_SEARCH_PATHS = "$(inherited) @executable_path/Frameworks @loader_path/Frameworks";
				PRODUCT_BUNDLE_IDENTIFIER = com.baecheese.DiaryRecordUITests;
				PRODUCT_NAME = "$(TARGET_NAME)";
				SWIFT_VERSION = 3.0;
				TEST_TARGET_NAME = DiaryRecord;
			};
			name = Debug;
		};
		030DB0F81E407381004E3532 /* Release */ = {
			isa = XCBuildConfiguration;
			baseConfigurationReference = 9BF1BC7B5F0A786DE7ADC912 /* Pods-DiaryRecordUITests.release.xcconfig */;
			buildSettings = {
				ALWAYS_EMBED_SWIFT_STANDARD_LIBRARIES = YES;
				DEVELOPMENT_TEAM = 3Z5E8777P2;
				INFOPLIST_FILE = DiaryRecordUITests/Info.plist;
				LD_RUNPATH_SEARCH_PATHS = "$(inherited) @executable_path/Frameworks @loader_path/Frameworks";
				PRODUCT_BUNDLE_IDENTIFIER = com.baecheese.DiaryRecordUITests;
				PRODUCT_NAME = "$(TARGET_NAME)";
				SWIFT_VERSION = 3.0;
				TEST_TARGET_NAME = DiaryRecord;
			};
			name = Release;
		};
		035D7BAA1E48C36700F66B24 /* Debug */ = {
			isa = XCBuildConfiguration;
			buildSettings = {
				BUNDLE_LOADER = "$(TEST_HOST)";
				DEVELOPMENT_TEAM = 3Z5E8777P2;
				INFOPLIST_FILE = LoggerTest/Info.plist;
				LD_RUNPATH_SEARCH_PATHS = "$(inherited) @executable_path/Frameworks @loader_path/Frameworks";
				PRODUCT_BUNDLE_IDENTIFIER = com.baecheese.LoggerTest;
				PRODUCT_NAME = "$(TARGET_NAME)";
				SWIFT_VERSION = 3.0;
				TEST_HOST = "$(BUILT_PRODUCTS_DIR)/DiaryRecord.app/DiaryRecord";
			};
			name = Debug;
		};
		035D7BAB1E48C36700F66B24 /* Release */ = {
			isa = XCBuildConfiguration;
			buildSettings = {
				BUNDLE_LOADER = "$(TEST_HOST)";
				DEVELOPMENT_TEAM = 3Z5E8777P2;
				INFOPLIST_FILE = LoggerTest/Info.plist;
				LD_RUNPATH_SEARCH_PATHS = "$(inherited) @executable_path/Frameworks @loader_path/Frameworks";
				PRODUCT_BUNDLE_IDENTIFIER = com.baecheese.LoggerTest;
				PRODUCT_NAME = "$(TARGET_NAME)";
				SWIFT_VERSION = 3.0;
				TEST_HOST = "$(BUILT_PRODUCTS_DIR)/DiaryRecord.app/DiaryRecord";
			};
			name = Release;
		};
		0375229E1E850BE20001B24F /* Debug */ = {
			isa = XCBuildConfiguration;
			buildSettings = {
				CODE_SIGN_ENTITLEMENTS = BookmarkExtention/BookmarkExtention.entitlements;
				DEVELOPMENT_TEAM = 3Z5E8777P2;
				INFOPLIST_FILE = BookmarkExtention/Info.plist;
				LD_RUNPATH_SEARCH_PATHS = "$(inherited) @executable_path/Frameworks @executable_path/../../Frameworks";
				PRODUCT_BUNDLE_IDENTIFIER = com.baecheese.DiaryRecord.BookmarkExtention;
				PRODUCT_NAME = "$(TARGET_NAME)";
				SKIP_INSTALL = YES;
				SWIFT_VERSION = 3.0;
			};
			name = Debug;
		};
		0375229F1E850BE20001B24F /* Release */ = {
			isa = XCBuildConfiguration;
			buildSettings = {
				CODE_SIGN_ENTITLEMENTS = BookmarkExtention/BookmarkExtention.entitlements;
				DEVELOPMENT_TEAM = 3Z5E8777P2;
				INFOPLIST_FILE = BookmarkExtention/Info.plist;
				LD_RUNPATH_SEARCH_PATHS = "$(inherited) @executable_path/Frameworks @executable_path/../../Frameworks";
				PRODUCT_BUNDLE_IDENTIFIER = com.baecheese.DiaryRecord.BookmarkExtention;
				PRODUCT_NAME = "$(TARGET_NAME)";
				SKIP_INSTALL = YES;
				SWIFT_VERSION = 3.0;
			};
			name = Release;
		};
/* End XCBuildConfiguration section */

/* Begin XCConfigurationList section */
		030DB0C31E407380004E3532 /* Build configuration list for PBXProject "DiaryRecord" */ = {
			isa = XCConfigurationList;
			buildConfigurations = (
				030DB0EE1E407381004E3532 /* Debug */,
				030DB0EF1E407381004E3532 /* Release */,
			);
			defaultConfigurationIsVisible = 0;
			defaultConfigurationName = Release;
		};
		030DB0F01E407381004E3532 /* Build configuration list for PBXNativeTarget "DiaryRecord" */ = {
			isa = XCConfigurationList;
			buildConfigurations = (
				030DB0F11E407381004E3532 /* Debug */,
				030DB0F21E407381004E3532 /* Release */,
			);
			defaultConfigurationIsVisible = 0;
			defaultConfigurationName = Release;
		};
		030DB0F31E407381004E3532 /* Build configuration list for PBXNativeTarget "DiaryRecordTests" */ = {
			isa = XCConfigurationList;
			buildConfigurations = (
				030DB0F41E407381004E3532 /* Debug */,
				030DB0F51E407381004E3532 /* Release */,
			);
			defaultConfigurationIsVisible = 0;
			defaultConfigurationName = Release;
		};
		030DB0F61E407381004E3532 /* Build configuration list for PBXNativeTarget "DiaryRecordUITests" */ = {
			isa = XCConfigurationList;
			buildConfigurations = (
				030DB0F71E407381004E3532 /* Debug */,
				030DB0F81E407381004E3532 /* Release */,
			);
			defaultConfigurationIsVisible = 0;
			defaultConfigurationName = Release;
		};
		035D7BA91E48C36700F66B24 /* Build configuration list for PBXNativeTarget "LoggerTest" */ = {
			isa = XCConfigurationList;
			buildConfigurations = (
				035D7BAA1E48C36700F66B24 /* Debug */,
				035D7BAB1E48C36700F66B24 /* Release */,
			);
			defaultConfigurationIsVisible = 0;
			defaultConfigurationName = Release;
		};
		037522A01E850BE20001B24F /* Build configuration list for PBXNativeTarget "BookmarkExtention" */ = {
			isa = XCConfigurationList;
			buildConfigurations = (
				0375229E1E850BE20001B24F /* Debug */,
				0375229F1E850BE20001B24F /* Release */,
			);
			defaultConfigurationIsVisible = 0;
			defaultConfigurationName = Release;
		};
/* End XCConfigurationList section */
	};
	rootObject = 030DB0C01E407380004E3532 /* Project object */;
}
