// !$*UTF8*$!
{
	archiveVersion = 1;
	classes = {
	};
	objectVersion = 46;
	objects = {

/* Begin PBXBuildFile section */
		030DB0CC1E407381004E3532 /* AppDelegate.swift in Sources */ = {isa = PBXBuildFile; fileRef = 030DB0CB1E407381004E3532 /* AppDelegate.swift */; };
		030DB0D11E407381004E3532 /* Main.storyboard in Resources */ = {isa = PBXBuildFile; fileRef = 030DB0CF1E407381004E3532 /* Main.storyboard */; };
		030DB0D31E407381004E3532 /* Assets.xcassets in Resources */ = {isa = PBXBuildFile; fileRef = 030DB0D21E407381004E3532 /* Assets.xcassets */; };
		030DB0D61E407381004E3532 /* LaunchScreen.storyboard in Resources */ = {isa = PBXBuildFile; fileRef = 030DB0D41E407381004E3532 /* LaunchScreen.storyboard */; };
		030DB0E11E407381004E3532 /* DiaryRecordTests.swift in Sources */ = {isa = PBXBuildFile; fileRef = 030DB0E01E407381004E3532 /* DiaryRecordTests.swift */; };
		030DB0EC1E407381004E3532 /* DiaryRecordUITests.swift in Sources */ = {isa = PBXBuildFile; fileRef = 030DB0EB1E407381004E3532 /* DiaryRecordUITests.swift */; };
		030DB0FE1E4074E1004E3532 /* WriteViewController.swift in Sources */ = {isa = PBXBuildFile; fileRef = 030DB0FD1E4074E1004E3532 /* WriteViewController.swift */; };
		030DB1001E4075C8004E3532 /* MainTableViewController.swift in Sources */ = {isa = PBXBuildFile; fileRef = 030DB0FF1E4075C8004E3532 /* MainTableViewController.swift */; };
		030DB1021E4186F3004E3532 /* Diary.swift in Sources */ = {isa = PBXBuildFile; fileRef = 030DB1011E4186F3004E3532 /* Diary.swift */; };
		030DB1041E42285C004E3532 /* DiaryRepository.swift in Sources */ = {isa = PBXBuildFile; fileRef = 030DB1031E42285C004E3532 /* DiaryRepository.swift */; };
		035D7B9A1E48BE6800F66B24 /* Logger.swift in Sources */ = {isa = PBXBuildFile; fileRef = 035D7B991E48BE6800F66B24 /* Logger.swift */; };
		037692911E51BA1E00C0CCCB /* ReadViewController.swift in Sources */ = {isa = PBXBuildFile; fileRef = 037692901E51BA1E00C0CCCB /* ReadViewController.swift */; };
		037692931E54885500C0CCCB /* CardView.swift in Sources */ = {isa = PBXBuildFile; fileRef = 037692921E54885500C0CCCB /* CardView.swift */; };
		0376929E1E55DE3F00C0CCCB /* NanumMyeongjo.ttc in Resources */ = {isa = PBXBuildFile; fileRef = 0376929D1E55DE3F00C0CCCB /* NanumMyeongjo.ttc */; };
		03D2ADA01E508926002D4287 /* Extensions.swift in Sources */ = {isa = PBXBuildFile; fileRef = 03D2AD9F1E508926002D4287 /* Extensions.swift */; };
		7EC717151AD3900DCEEF166F /* Pods_DiaryRecord.framework in Frameworks */ = {isa = PBXBuildFile; fileRef = 37A0364A89EC26784AAF0D64 /* Pods_DiaryRecord.framework */; };
		E1012DD687F6A634A1914240 /* Pods_DiaryRecordTests.framework in Frameworks */ = {isa = PBXBuildFile; fileRef = BE16B1B79F052D6A31AF112B /* Pods_DiaryRecordTests.framework */; };
		F4DFB04DC64CE03233C5CE5F /* Pods_DiaryRecordUITests.framework in Frameworks */ = {isa = PBXBuildFile; fileRef = 42A877916CBD148333D0EB6C /* Pods_DiaryRecordUITests.framework */; };
/* End PBXBuildFile section */

/* Begin PBXContainerItemProxy section */
		030DB0DD1E407381004E3532 /* PBXContainerItemProxy */ = {
			isa = PBXContainerItemProxy;
			containerPortal = 030DB0C01E407380004E3532 /* Project object */;
			proxyType = 1;
			remoteGlobalIDString = 030DB0C71E407381004E3532;
			remoteInfo = DiaryRecord;
		};
		030DB0E81E407381004E3532 /* PBXContainerItemProxy */ = {
			isa = PBXContainerItemProxy;
			containerPortal = 030DB0C01E407380004E3532 /* Project object */;
			proxyType = 1;
			remoteGlobalIDString = 030DB0C71E407381004E3532;
			remoteInfo = DiaryRecord;
		};
		035D7BA71E48C36700F66B24 /* PBXContainerItemProxy */ = {
			isa = PBXContainerItemProxy;
			containerPortal = 030DB0C01E407380004E3532 /* Project object */;
			proxyType = 1;
			remoteGlobalIDString = 030DB0C71E407381004E3532;
			remoteInfo = DiaryRecord;
		};
/* End PBXContainerItemProxy section */

/* Begin PBXFileReference section */
		030DB0C81E407381004E3532 /* DiaryRecord.app */ = {isa = PBXFileReference; explicitFileType = wrapper.application; includeInIndex = 0; path = DiaryRecord.app; sourceTree = BUILT_PRODUCTS_DIR; };
		030DB0CB1E407381004E3532 /* AppDelegate.swift */ = {isa = PBXFileReference; lastKnownFileType = sourcecode.swift; path = AppDelegate.swift; sourceTree = "<group>"; };
		030DB0D01E407381004E3532 /* Base */ = {isa = PBXFileReference; lastKnownFileType = file.storyboard; name = Base; path = Base.lproj/Main.storyboard; sourceTree = "<group>"; };
		030DB0D21E407381004E3532 /* Assets.xcassets */ = {isa = PBXFileReference; lastKnownFileType = folder.assetcatalog; path = Assets.xcassets; sourceTree = "<group>"; };
		030DB0D51E407381004E3532 /* Base */ = {isa = PBXFileReference; lastKnownFileType = file.storyboard; name = Base; path = Base.lproj/LaunchScreen.storyboard; sourceTree = "<group>"; };
		030DB0D71E407381004E3532 /* Info.plist */ = {isa = PBXFileReference; lastKnownFileType = text.plist.xml; path = Info.plist; sourceTree = "<group>"; };
		030DB0DC1E407381004E3532 /* DiaryRecordTests.xctest */ = {isa = PBXFileReference; explicitFileType = wrapper.cfbundle; includeInIndex = 0; path = DiaryRecordTests.xctest; sourceTree = BUILT_PRODUCTS_DIR; };
		030DB0E01E407381004E3532 /* DiaryRecordTests.swift */ = {isa = PBXFileReference; lastKnownFileType = sourcecode.swift; path = DiaryRecordTests.swift; sourceTree = "<group>"; };
		030DB0E21E407381004E3532 /* Info.plist */ = {isa = PBXFileReference; lastKnownFileType = text.plist.xml; path = Info.plist; sourceTree = "<group>"; };
		030DB0E71E407381004E3532 /* DiaryRecordUITests.xctest */ = {isa = PBXFileReference; explicitFileType = wrapper.cfbundle; includeInIndex = 0; path = DiaryRecordUITests.xctest; sourceTree = BUILT_PRODUCTS_DIR; };
		030DB0EB1E407381004E3532 /* DiaryRecordUITests.swift */ = {isa = PBXFileReference; lastKnownFileType = sourcecode.swift; path = DiaryRecordUITests.swift; sourceTree = "<group>"; };
		030DB0ED1E407381004E3532 /* Info.plist */ = {isa = PBXFileReference; lastKnownFileType = text.plist.xml; path = Info.plist; sourceTree = "<group>"; };
		030DB0FD1E4074E1004E3532 /* WriteViewController.swift */ = {isa = PBXFileReference; fileEncoding = 4; lastKnownFileType = sourcecode.swift; path = WriteViewController.swift; sourceTree = "<group>"; };
		030DB0FF1E4075C8004E3532 /* MainTableViewController.swift */ = {isa = PBXFileReference; fileEncoding = 4; lastKnownFileType = sourcecode.swift; path = MainTableViewController.swift; sourceTree = "<group>"; };
		030DB1011E4186F3004E3532 /* Diary.swift */ = {isa = PBXFileReference; fileEncoding = 4; lastKnownFileType = sourcecode.swift; path = Diary.swift; sourceTree = "<group>"; };
		030DB1031E42285C004E3532 /* DiaryRepository.swift */ = {isa = PBXFileReference; fileEncoding = 4; lastKnownFileType = sourcecode.swift; path = DiaryRepository.swift; sourceTree = "<group>"; };
		035D7B991E48BE6800F66B24 /* Logger.swift */ = {isa = PBXFileReference; fileEncoding = 4; lastKnownFileType = sourcecode.swift; path = Logger.swift; sourceTree = "<group>"; };
		035D7BA21E48C36700F66B24 /* LoggerTest.xctest */ = {isa = PBXFileReference; explicitFileType = wrapper.cfbundle; includeInIndex = 0; path = LoggerTest.xctest; sourceTree = BUILT_PRODUCTS_DIR; };
		037692901E51BA1E00C0CCCB /* ReadViewController.swift */ = {isa = PBXFileReference; fileEncoding = 4; lastKnownFileType = sourcecode.swift; path = ReadViewController.swift; sourceTree = "<group>"; };
		037692921E54885500C0CCCB /* CardView.swift */ = {isa = PBXFileReference; fileEncoding = 4; lastKnownFileType = sourcecode.swift; path = CardView.swift; sourceTree = "<group>"; };
		0376929C1E55DE2200C0CCCB /* NanumMyeongjo.ttc */ = {isa = PBXFileReference; lastKnownFileType = file; name = NanumMyeongjo.ttc; path = DiaryRecord/NanumMyeongjo.ttc; sourceTree = "<group>"; };
		0376929D1E55DE3F00C0CCCB /* NanumMyeongjo.ttc */ = {isa = PBXFileReference; lastKnownFileType = file; name = NanumMyeongjo.ttc; path = DiaryRecord/NanumMyeongjo.ttc; sourceTree = "<group>"; };
		03D2AD9F1E508926002D4287 /* Extensions.swift */ = {isa = PBXFileReference; fileEncoding = 4; lastKnownFileType = sourcecode.swift; path = Extensions.swift; sourceTree = "<group>"; };
		37A0364A89EC26784AAF0D64 /* Pods_DiaryRecord.framework */ = {isa = PBXFileReference; explicitFileType = wrapper.framework; includeInIndex = 0; path = Pods_DiaryRecord.framework; sourceTree = BUILT_PRODUCTS_DIR; };
		42A877916CBD148333D0EB6C /* Pods_DiaryRecordUITests.framework */ = {isa = PBXFileReference; explicitFileType = wrapper.framework; includeInIndex = 0; path = Pods_DiaryRecordUITests.framework; sourceTree = BUILT_PRODUCTS_DIR; };
		6BBDE77CB802E4881F7AFD3C /* Pods-DiaryRecord.debug.xcconfig */ = {isa = PBXFileReference; includeInIndex = 1; lastKnownFileType = text.xcconfig; name = "Pods-DiaryRecord.debug.xcconfig"; path = "Pods/Target Support Files/Pods-DiaryRecord/Pods-DiaryRecord.debug.xcconfig"; sourceTree = "<group>"; };
		860C5321CB8646E7BB77D89A /* Pods-DiaryRecordTests.debug.xcconfig */ = {isa = PBXFileReference; includeInIndex = 1; lastKnownFileType = text.xcconfig; name = "Pods-DiaryRecordTests.debug.xcconfig"; path = "Pods/Target Support Files/Pods-DiaryRecordTests/Pods-DiaryRecordTests.debug.xcconfig"; sourceTree = "<group>"; };
		9BF1BC7B5F0A786DE7ADC912 /* Pods-DiaryRecordUITests.release.xcconfig */ = {isa = PBXFileReference; includeInIndex = 1; lastKnownFileType = text.xcconfig; name = "Pods-DiaryRecordUITests.release.xcconfig"; path = "Pods/Target Support Files/Pods-DiaryRecordUITests/Pods-DiaryRecordUITests.release.xcconfig"; sourceTree = "<group>"; };
		BE16B1B79F052D6A31AF112B /* Pods_DiaryRecordTests.framework */ = {isa = PBXFileReference; explicitFileType = wrapper.framework; includeInIndex = 0; path = Pods_DiaryRecordTests.framework; sourceTree = BUILT_PRODUCTS_DIR; };
		D12BC7104B832B34A9C5DB7F /* Pods-DiaryRecord.release.xcconfig */ = {isa = PBXFileReference; includeInIndex = 1; lastKnownFileType = text.xcconfig; name = "Pods-DiaryRecord.release.xcconfig"; path = "Pods/Target Support Files/Pods-DiaryRecord/Pods-DiaryRecord.release.xcconfig"; sourceTree = "<group>"; };
		D606CBD34B097210781AEA0D /* Pods-DiaryRecordTests.release.xcconfig */ = {isa = PBXFileReference; includeInIndex = 1; lastKnownFileType = text.xcconfig; name = "Pods-DiaryRecordTests.release.xcconfig"; path = "Pods/Target Support Files/Pods-DiaryRecordTests/Pods-DiaryRecordTests.release.xcconfig"; sourceTree = "<group>"; };
		F2588E8105FABE59A6EDD6A4 /* Pods-DiaryRecordUITests.debug.xcconfig */ = {isa = PBXFileReference; includeInIndex = 1; lastKnownFileType = text.xcconfig; name = "Pods-DiaryRecordUITests.debug.xcconfig"; path = "Pods/Target Support Files/Pods-DiaryRecordUITests/Pods-DiaryRecordUITests.debug.xcconfig"; sourceTree = "<group>"; };
/* End PBXFileReference section */

/* Begin PBXFrameworksBuildPhase section */
		030DB0C51E407381004E3532 /* Frameworks */ = {
			isa = PBXFrameworksBuildPhase;
			buildActionMask = 2147483647;
			files = (
				7EC717151AD3900DCEEF166F /* Pods_DiaryRecord.framework in Frameworks */,
			);
			runOnlyForDeploymentPostprocessing = 0;
		};
		030DB0D91E407381004E3532 /* Frameworks */ = {
			isa = PBXFrameworksBuildPhase;
			buildActionMask = 2147483647;
			files = (
				E1012DD687F6A634A1914240 /* Pods_DiaryRecordTests.framework in Frameworks */,
			);
			runOnlyForDeploymentPostprocessing = 0;
		};
		030DB0E41E407381004E3532 /* Frameworks */ = {
			isa = PBXFrameworksBuildPhase;
			buildActionMask = 2147483647;
			files = (
				F4DFB04DC64CE03233C5CE5F /* Pods_DiaryRecordUITests.framework in Frameworks */,
			);
			runOnlyForDeploymentPostprocessing = 0;
		};
		035D7B9F1E48C36700F66B24 /* Frameworks */ = {
			isa = PBXFrameworksBuildPhase;
			buildActionMask = 2147483647;
			files = (
			);
			runOnlyForDeploymentPostprocessing = 0;
		};
/* End PBXFrameworksBuildPhase section */

/* Begin PBXGroup section */
		030DB0BF1E407380004E3532 = {
			isa = PBXGroup;
			children = (
				030DB0CA1E407381004E3532 /* DiaryRecord */,
				030DB0DF1E407381004E3532 /* DiaryRecordTests */,
				030DB0EA1E407381004E3532 /* DiaryRecordUITests */,
				030DB0C91E407381004E3532 /* Products */,
				89D8A3F194E92ECB280ED4BF /* Pods */,
				327F24A6340420683E7F6A51 /* Frameworks */,
			);
			sourceTree = "<group>";
		};
		030DB0C91E407381004E3532 /* Products */ = {
			isa = PBXGroup;
			children = (
				030DB0C81E407381004E3532 /* DiaryRecord.app */,
				030DB0DC1E407381004E3532 /* DiaryRecordTests.xctest */,
				030DB0E71E407381004E3532 /* DiaryRecordUITests.xctest */,
				035D7BA21E48C36700F66B24 /* LoggerTest.xctest */,
			);
			name = Products;
			sourceTree = "<group>";
		};
		030DB0CA1E407381004E3532 /* DiaryRecord */ = {
			isa = PBXGroup;
			children = (
				030DB0CB1E407381004E3532 /* AppDelegate.swift */,
				030DB0CF1E407381004E3532 /* Main.storyboard */,
				037692961E54888E00C0CCCB /* Main */,
				037692971E54889A00C0CCCB /* Write */,
				037692981E5488B600C0CCCB /* Read */,
				037692991E5489C200C0CCCB /* Object */,
				0376929F1E55DE5600C0CCCB /* Font */,
				030DB0D21E407381004E3532 /* Assets.xcassets */,
				030DB0D41E407381004E3532 /* LaunchScreen.storyboard */,
				030DB0D71E407381004E3532 /* Info.plist */,
			);
			path = DiaryRecord;
			sourceTree = "<group>";
		};
		030DB0DF1E407381004E3532 /* DiaryRecordTests */ = {
			isa = PBXGroup;
			children = (
				030DB0E01E407381004E3532 /* DiaryRecordTests.swift */,
				030DB0E21E407381004E3532 /* Info.plist */,
			);
			path = DiaryRecordTests;
			sourceTree = "<group>";
		};
		030DB0EA1E407381004E3532 /* DiaryRecordUITests */ = {
			isa = PBXGroup;
			children = (
				030DB0EB1E407381004E3532 /* DiaryRecordUITests.swift */,
				030DB0ED1E407381004E3532 /* Info.plist */,
			);
			path = DiaryRecordUITests;
			sourceTree = "<group>";
		};
		037692961E54888E00C0CCCB /* Main */ = {
			isa = PBXGroup;
			children = (
				030DB0FF1E4075C8004E3532 /* MainTableViewController.swift */,
			);
			name = Main;
			sourceTree = "<group>";
		};
		037692971E54889A00C0CCCB /* Write */ = {
			isa = PBXGroup;
			children = (
				030DB0FD1E4074E1004E3532 /* WriteViewController.swift */,
			);
			name = Write;
			sourceTree = "<group>";
		};
		037692981E5488B600C0CCCB /* Read */ = {
			isa = PBXGroup;
			children = (
				037692901E51BA1E00C0CCCB /* ReadViewController.swift */,
				037692921E54885500C0CCCB /* CardView.swift */,
			);
			name = Read;
			sourceTree = "<group>";
		};
		037692991E5489C200C0CCCB /* Object */ = {
			isa = PBXGroup;
			children = (
				035D7B991E48BE6800F66B24 /* Logger.swift */,
				03D2AD9F1E508926002D4287 /* Extensions.swift */,
				030DB1031E42285C004E3532 /* DiaryRepository.swift */,
				030DB1011E4186F3004E3532 /* Diary.swift */,
			);
			name = Object;
			sourceTree = "<group>";
		};
		0376929F1E55DE5600C0CCCB /* Font */ = {
			isa = PBXGroup;
			children = (
				0376929C1E55DE2200C0CCCB /* NanumMyeongjo.ttc */,
				0376929D1E55DE3F00C0CCCB /* NanumMyeongjo.ttc */,
			);
			name = Font;
			path = ..;
			sourceTree = "<group>";
		};
		327F24A6340420683E7F6A51 /* Frameworks */ = {
			isa = PBXGroup;
			children = (
				37A0364A89EC26784AAF0D64 /* Pods_DiaryRecord.framework */,
				BE16B1B79F052D6A31AF112B /* Pods_DiaryRecordTests.framework */,
				42A877916CBD148333D0EB6C /* Pods_DiaryRecordUITests.framework */,
			);
			name = Frameworks;
			sourceTree = "<group>";
		};
		89D8A3F194E92ECB280ED4BF /* Pods */ = {
			isa = PBXGroup;
			children = (
				6BBDE77CB802E4881F7AFD3C /* Pods-DiaryRecord.debug.xcconfig */,
				D12BC7104B832B34A9C5DB7F /* Pods-DiaryRecord.release.xcconfig */,
				860C5321CB8646E7BB77D89A /* Pods-DiaryRecordTests.debug.xcconfig */,
				D606CBD34B097210781AEA0D /* Pods-DiaryRecordTests.release.xcconfig */,
				F2588E8105FABE59A6EDD6A4 /* Pods-DiaryRecordUITests.debug.xcconfig */,
				9BF1BC7B5F0A786DE7ADC912 /* Pods-DiaryRecordUITests.release.xcconfig */,
			);
			name = Pods;
			sourceTree = "<group>";
		};
/* End PBXGroup section */

/* Begin PBXNativeTarget section */
		030DB0C71E407381004E3532 /* DiaryRecord */ = {
			isa = PBXNativeTarget;
			buildConfigurationList = 030DB0F01E407381004E3532 /* Build configuration list for PBXNativeTarget "DiaryRecord" */;
			buildPhases = (
				5C2389BBA0960D36E88381D8 /* [CP] Check Pods Manifest.lock */,
				030DB0C41E407381004E3532 /* Sources */,
				030DB0C51E407381004E3532 /* Frameworks */,
				030DB0C61E407381004E3532 /* Resources */,
				660E9D7251DE25685A6823C1 /* [CP] Embed Pods Frameworks */,
				5F97810C0839B4FCBCA322D2 /* [CP] Copy Pods Resources */,
			);
			buildRules = (
			);
			dependencies = (
			);
			name = DiaryRecord;
			productName = DiaryRecord;
			productReference = 030DB0C81E407381004E3532 /* DiaryRecord.app */;
			productType = "com.apple.product-type.application";
		};
		030DB0DB1E407381004E3532 /* DiaryRecordTests */ = {
			isa = PBXNativeTarget;
			buildConfigurationList = 030DB0F31E407381004E3532 /* Build configuration list for PBXNativeTarget "DiaryRecordTests" */;
			buildPhases = (
				A8FE3DA0C5963C57CCDEA461 /* [CP] Check Pods Manifest.lock */,
				030DB0D81E407381004E3532 /* Sources */,
				030DB0D91E407381004E3532 /* Frameworks */,
				030DB0DA1E407381004E3532 /* Resources */,
				8201088410B3ADE7E8D0CA9B /* [CP] Embed Pods Frameworks */,
				8F4C0404C7B163F940D827C9 /* [CP] Copy Pods Resources */,
			);
			buildRules = (
			);
			dependencies = (
				030DB0DE1E407381004E3532 /* PBXTargetDependency */,
			);
			name = DiaryRecordTests;
			productName = DiaryRecordTests;
			productReference = 030DB0DC1E407381004E3532 /* DiaryRecordTests.xctest */;
			productType = "com.apple.product-type.bundle.unit-test";
		};
		030DB0E61E407381004E3532 /* DiaryRecordUITests */ = {
			isa = PBXNativeTarget;
			buildConfigurationList = 030DB0F61E407381004E3532 /* Build configuration list for PBXNativeTarget "DiaryRecordUITests" */;
			buildPhases = (
				F3AFBEDB8991EE466463D4BD /* [CP] Check Pods Manifest.lock */,
				030DB0E31E407381004E3532 /* Sources */,
				030DB0E41E407381004E3532 /* Frameworks */,
				030DB0E51E407381004E3532 /* Resources */,
				AD11C17CC2A43CC1F911D5BB /* [CP] Embed Pods Frameworks */,
				EDB15918E5B54F2350C03D5A /* [CP] Copy Pods Resources */,
			);
			buildRules = (
			);
			dependencies = (
				030DB0E91E407381004E3532 /* PBXTargetDependency */,
			);
			name = DiaryRecordUITests;
			productName = DiaryRecordUITests;
			productReference = 030DB0E71E407381004E3532 /* DiaryRecordUITests.xctest */;
			productType = "com.apple.product-type.bundle.ui-testing";
		};
		035D7BA11E48C36700F66B24 /* LoggerTest */ = {
			isa = PBXNativeTarget;
			buildConfigurationList = 035D7BA91E48C36700F66B24 /* Build configuration list for PBXNativeTarget "LoggerTest" */;
			buildPhases = (
				035D7B9E1E48C36700F66B24 /* Sources */,
				035D7B9F1E48C36700F66B24 /* Frameworks */,
				035D7BA01E48C36700F66B24 /* Resources */,
			);
			buildRules = (
			);
			dependencies = (
				035D7BA81E48C36700F66B24 /* PBXTargetDependency */,
			);
			name = LoggerTest;
			productName = LoggerTest;
			productReference = 035D7BA21E48C36700F66B24 /* LoggerTest.xctest */;
			productType = "com.apple.product-type.bundle.unit-test";
		};
/* End PBXNativeTarget section */

/* Begin PBXProject section */
		030DB0C01E407380004E3532 /* Project object */ = {
			isa = PBXProject;
			attributes = {
				LastSwiftUpdateCheck = 0820;
				LastUpgradeCheck = 0820;
				ORGANIZATIONNAME = baecheese;
				TargetAttributes = {
					030DB0C71E407381004E3532 = {
						CreatedOnToolsVersion = 8.2.1;
						DevelopmentTeam = 3Z5E8777P2;
						ProvisioningStyle = Automatic;
					};
					030DB0DB1E407381004E3532 = {
						CreatedOnToolsVersion = 8.2.1;
						DevelopmentTeam = 3Z5E8777P2;
						ProvisioningStyle = Automatic;
						TestTargetID = 030DB0C71E407381004E3532;
					};
					030DB0E61E407381004E3532 = {
						CreatedOnToolsVersion = 8.2.1;
						DevelopmentTeam = 3Z5E8777P2;
						ProvisioningStyle = Automatic;
						TestTargetID = 030DB0C71E407381004E3532;
					};
					035D7BA11E48C36700F66B24 = {
						CreatedOnToolsVersion = 8.2.1;
						DevelopmentTeam = 3Z5E8777P2;
						ProvisioningStyle = Automatic;
						TestTargetID = 030DB0C71E407381004E3532;
					};
				};
			};
			buildConfigurationList = 030DB0C31E407380004E3532 /* Build configuration list for PBXProject "DiaryRecord" */;
			compatibilityVersion = "Xcode 3.2";
			developmentRegion = English;
			hasScannedForEncodings = 0;
			knownRegions = (
				en,
				Base,
			);
			mainGroup = 030DB0BF1E407380004E3532;
			productRefGroup = 030DB0C91E407381004E3532 /* Products */;
			projectDirPath = "";
			projectRoot = "";
			targets = (
				030DB0C71E407381004E3532 /* DiaryRecord */,
				030DB0DB1E407381004E3532 /* DiaryRecordTests */,
				030DB0E61E407381004E3532 /* DiaryRecordUITests */,
				035D7BA11E48C36700F66B24 /* LoggerTest */,
			);
		};
/* End PBXProject section */

/* Begin PBXResourcesBuildPhase section */
		030DB0C61E407381004E3532 /* Resources */ = {
			isa = PBXResourcesBuildPhase;
			buildActionMask = 2147483647;
			files = (
				030DB0D61E407381004E3532 /* LaunchScreen.storyboard in Resources */,
				0376929E1E55DE3F00C0CCCB /* NanumMyeongjo.ttc in Resources */,
				030DB0D31E407381004E3532 /* Assets.xcassets in Resources */,
				030DB0D11E407381004E3532 /* Main.storyboard in Resources */,
			);
			runOnlyForDeploymentPostprocessing = 0;
		};
		030DB0DA1E407381004E3532 /* Resources */ = {
			isa = PBXResourcesBuildPhase;
			buildActionMask = 2147483647;
			files = (
			);
			runOnlyForDeploymentPostprocessing = 0;
		};
		030DB0E51E407381004E3532 /* Resources */ = {
			isa = PBXResourcesBuildPhase;
			buildActionMask = 2147483647;
			files = (
			);
			runOnlyForDeploymentPostprocessing = 0;
		};
		035D7BA01E48C36700F66B24 /* Resources */ = {
			isa = PBXResourcesBuildPhase;
			buildActionMask = 2147483647;
			files = (
			);
			runOnlyForDeploymentPostprocessing = 0;
		};
/* End PBXResourcesBuildPhase section */

/* Begin PBXShellScriptBuildPhase section */
		5C2389BBA0960D36E88381D8 /* [CP] Check Pods Manifest.lock */ = {
			isa = PBXShellScriptBuildPhase;
			buildActionMask = 2147483647;
			files = (
			);
			inputPaths = (
			);
			name = "[CP] Check Pods Manifest.lock";
			outputPaths = (
			);
			runOnlyForDeploymentPostprocessing = 0;
			shellPath = /bin/sh;
			shellScript = "diff \"${PODS_ROOT}/../Podfile.lock\" \"${PODS_ROOT}/Manifest.lock\" > /dev/null\nif [ $? != 0 ] ; then\n    # print error to STDERR\n    echo \"error: The sandbox is not in sync with the Podfile.lock. Run 'pod install' or update your CocoaPods installation.\" >&2\n    exit 1\nfi\n";
			showEnvVarsInLog = 0;
		};
		5F97810C0839B4FCBCA322D2 /* [CP] Copy Pods Resources */ = {
			isa = PBXShellScriptBuildPhase;
			buildActionMask = 2147483647;
			files = (
			);
			inputPaths = (
			);
			name = "[CP] Copy Pods Resources";
			outputPaths = (
			);
			runOnlyForDeploymentPostprocessing = 0;
			shellPath = /bin/sh;
			shellScript = "\"${SRCROOT}/Pods/Target Support Files/Pods-DiaryRecord/Pods-DiaryRecord-resources.sh\"\n";
			showEnvVarsInLog = 0;
		};
		660E9D7251DE25685A6823C1 /* [CP] Embed Pods Frameworks */ = {
			isa = PBXShellScriptBuildPhase;
			buildActionMask = 2147483647;
			files = (
			);
			inputPaths = (
			);
			name = "[CP] Embed Pods Frameworks";
			outputPaths = (
			);
			runOnlyForDeploymentPostprocessing = 0;
			shellPath = /bin/sh;
			shellScript = "\"${SRCROOT}/Pods/Target Support Files/Pods-DiaryRecord/Pods-DiaryRecord-frameworks.sh\"\n";
			showEnvVarsInLog = 0;
		};
		8201088410B3ADE7E8D0CA9B /* [CP] Embed Pods Frameworks */ = {
			isa = PBXShellScriptBuildPhase;
			buildActionMask = 2147483647;
			files = (
			);
			inputPaths = (
			);
			name = "[CP] Embed Pods Frameworks";
			outputPaths = (
			);
			runOnlyForDeploymentPostprocessing = 0;
			shellPath = /bin/sh;
			shellScript = "\"${SRCROOT}/Pods/Target Support Files/Pods-DiaryRecordTests/Pods-DiaryRecordTests-frameworks.sh\"\n";
			showEnvVarsInLog = 0;
		};
		8F4C0404C7B163F940D827C9 /* [CP] Copy Pods Resources */ = {
			isa = PBXShellScriptBuildPhase;
			buildActionMask = 2147483647;
			files = (
			);
			inputPaths = (
			);
			name = "[CP] Copy Pods Resources";
			outputPaths = (
			);
			runOnlyForDeploymentPostprocessing = 0;
			shellPath = /bin/sh;
			shellScript = "\"${SRCROOT}/Pods/Target Support Files/Pods-DiaryRecordTests/Pods-DiaryRecordTests-resources.sh\"\n";
			showEnvVarsInLog = 0;
		};
		A8FE3DA0C5963C57CCDEA461 /* [CP] Check Pods Manifest.lock */ = {
			isa = PBXShellScriptBuildPhase;
			buildActionMask = 2147483647;
			files = (
			);
			inputPaths = (
			);
			name = "[CP] Check Pods Manifest.lock";
			outputPaths = (
			);
			runOnlyForDeploymentPostprocessing = 0;
			shellPath = /bin/sh;
			shellScript = "diff \"${PODS_ROOT}/../Podfile.lock\" \"${PODS_ROOT}/Manifest.lock\" > /dev/null\nif [ $? != 0 ] ; then\n    # print error to STDERR\n    echo \"error: The sandbox is not in sync with the Podfile.lock. Run 'pod install' or update your CocoaPods installation.\" >&2\n    exit 1\nfi\n";
			showEnvVarsInLog = 0;
		};
		AD11C17CC2A43CC1F911D5BB /* [CP] Embed Pods Frameworks */ = {
			isa = PBXShellScriptBuildPhase;
			buildActionMask = 2147483647;
			files = (
			);
			inputPaths = (
			);
			name = "[CP] Embed Pods Frameworks";
			outputPaths = (
			);
			runOnlyForDeploymentPostprocessing = 0;
			shellPath = /bin/sh;
			shellScript = "\"${SRCROOT}/Pods/Target Support Files/Pods-DiaryRecordUITests/Pods-DiaryRecordUITests-frameworks.sh\"\n";
			showEnvVarsInLog = 0;
		};
		EDB15918E5B54F2350C03D5A /* [CP] Copy Pods Resources */ = {
			isa = PBXShellScriptBuildPhase;
			buildActionMask = 2147483647;
			files = (
			);
			inputPaths = (
			);
			name = "[CP] Copy Pods Resources";
			outputPaths = (
			);
			runOnlyForDeploymentPostprocessing = 0;
			shellPath = /bin/sh;
			shellScript = "\"${SRCROOT}/Pods/Target Support Files/Pods-DiaryRecordUITests/Pods-DiaryRecordUITests-resources.sh\"\n";
			showEnvVarsInLog = 0;
		};
		F3AFBEDB8991EE466463D4BD /* [CP] Check Pods Manifest.lock */ = {
			isa = PBXShellScriptBuildPhase;
			buildActionMask = 2147483647;
			files = (
			);
			inputPaths = (
			);
			name = "[CP] Check Pods Manifest.lock";
			outputPaths = (
			);
			runOnlyForDeploymentPostprocessing = 0;
			shellPath = /bin/sh;
			shellScript = "diff \"${PODS_ROOT}/../Podfile.lock\" \"${PODS_ROOT}/Manifest.lock\" > /dev/null\nif [ $? != 0 ] ; then\n    # print error to STDERR\n    echo \"error: The sandbox is not in sync with the Podfile.lock. Run 'pod install' or update your CocoaPods installation.\" >&2\n    exit 1\nfi\n";
			showEnvVarsInLog = 0;
		};
/* End PBXShellScriptBuildPhase section */

/* Begin PBXSourcesBuildPhase section */
		030DB0C41E407381004E3532 /* Sources */ = {
			isa = PBXSourcesBuildPhase;
			buildActionMask = 2147483647;
			files = (
				030DB0CC1E407381004E3532 /* AppDelegate.swift in Sources */,
				03D2ADA01E508926002D4287 /* Extensions.swift in Sources */,
				030DB0FE1E4074E1004E3532 /* WriteViewController.swift in Sources */,
				030DB1001E4075C8004E3532 /* MainTableViewController.swift in Sources */,
				037692931E54885500C0CCCB /* CardView.swift in Sources */,
				037692911E51BA1E00C0CCCB /* ReadViewController.swift in Sources */,
				035D7B9A1E48BE6800F66B24 /* Logger.swift in Sources */,
				030DB1021E4186F3004E3532 /* Diary.swift in Sources */,
				030DB1041E42285C004E3532 /* DiaryRepository.swift in Sources */,
			);
			runOnlyForDeploymentPostprocessing = 0;
		};
		030DB0D81E407381004E3532 /* Sources */ = {
			isa = PBXSourcesBuildPhase;
			buildActionMask = 2147483647;
			files = (
				030DB0E11E407381004E3532 /* DiaryRecordTests.swift in Sources */,
			);
			runOnlyForDeploymentPostprocessing = 0;
		};
		030DB0E31E407381004E3532 /* Sources */ = {
			isa = PBXSourcesBuildPhase;
			buildActionMask = 2147483647;
			files = (
				030DB0EC1E407381004E3532 /* DiaryRecordUITests.swift in Sources */,
			);
			runOnlyForDeploymentPostprocessing = 0;
		};
		035D7B9E1E48C36700F66B24 /* Sources */ = {
			isa = PBXSourcesBuildPhase;
			buildActionMask = 2147483647;
			files = (
			);
			runOnlyForDeploymentPostprocessing = 0;
		};
/* End PBXSourcesBuildPhase section */

/* Begin PBXTargetDependency section */
		030DB0DE1E407381004E3532 /* PBXTargetDependency */ = {
			isa = PBXTargetDependency;
			target = 030DB0C71E407381004E3532 /* DiaryRecord */;
			targetProxy = 030DB0DD1E407381004E3532 /* PBXContainerItemProxy */;
		};
		030DB0E91E407381004E3532 /* PBXTargetDependency */ = {
			isa = PBXTargetDependency;
			target = 030DB0C71E407381004E3532 /* DiaryRecord */;
			targetProxy = 030DB0E81E407381004E3532 /* PBXContainerItemProxy */;
		};
		035D7BA81E48C36700F66B24 /* PBXTargetDependency */ = {
			isa = PBXTargetDependency;
			target = 030DB0C71E407381004E3532 /* DiaryRecord */;
			targetProxy = 035D7BA71E48C36700F66B24 /* PBXContainerItemProxy */;
		};
/* End PBXTargetDependency section */

/* Begin PBXVariantGroup section */
		030DB0CF1E407381004E3532 /* Main.storyboard */ = {
			isa = PBXVariantGroup;
			children = (
				030DB0D01E407381004E3532 /* Base */,
			);
			name = Main.storyboard;
			sourceTree = "<group>";
		};
		030DB0D41E407381004E3532 /* LaunchScreen.storyboard */ = {
			isa = PBXVariantGroup;
			children = (
				030DB0D51E407381004E3532 /* Base */,
			);
			name = LaunchScreen.storyboard;
			sourceTree = "<group>";
		};
/* End PBXVariantGroup section */

/* Begin XCBuildConfiguration section */
		030DB0EE1E407381004E3532 /* Debug */ = {
			isa = XCBuildConfiguration;
			buildSettings = {
				ALWAYS_SEARCH_USER_PATHS = NO;
				CLANG_ANALYZER_NONNULL = YES;
				CLANG_CXX_LANGUAGE_STANDARD = "gnu++0x";
				CLANG_CXX_LIBRARY = "libc++";
				CLANG_ENABLE_MODULES = YES;
				CLANG_ENABLE_OBJC_ARC = YES;
				CLANG_WARN_BOOL_CONVERSION = YES;
				CLANG_WARN_CONSTANT_CONVERSION = YES;
				CLANG_WARN_DIRECT_OBJC_ISA_USAGE = YES_ERROR;
				CLANG_WARN_DOCUMENTATION_COMMENTS = YES;
				CLANG_WARN_EMPTY_BODY = YES;
				CLANG_WARN_ENUM_CONVERSION = YES;
				CLANG_WARN_INFINITE_RECURSION = YES;
				CLANG_WARN_INT_CONVERSION = YES;
				CLANG_WARN_OBJC_ROOT_CLASS = YES_ERROR;
				CLANG_WARN_SUSPICIOUS_MOVE = YES;
				CLANG_WARN_UNREACHABLE_CODE = YES;
				CLANG_WARN__DUPLICATE_METHOD_MATCH = YES;
				"CODE_SIGN_IDENTITY[sdk=iphoneos*]" = "iPhone Developer";
				COPY_PHASE_STRIP = NO;
				DEBUG_INFORMATION_FORMAT = dwarf;
				ENABLE_STRICT_OBJC_MSGSEND = YES;
				ENABLE_TESTABILITY = YES;
				GCC_C_LANGUAGE_STANDARD = gnu99;
				GCC_DYNAMIC_NO_PIC = NO;
				GCC_NO_COMMON_BLOCKS = YES;
				GCC_OPTIMIZATION_LEVEL = 0;
				GCC_PREPROCESSOR_DEFINITIONS = (
					"DEBUG=1",
					"$(inherited)",
				);
				GCC_WARN_64_TO_32_BIT_CONVERSION = YES;
				GCC_WARN_ABOUT_RETURN_TYPE = YES_ERROR;
				GCC_WARN_UNDECLARED_SELECTOR = YES;
				GCC_WARN_UNINITIALIZED_AUTOS = YES_AGGRESSIVE;
				GCC_WARN_UNUSED_FUNCTION = YES;
				GCC_WARN_UNUSED_VARIABLE = YES;
				IPHONEOS_DEPLOYMENT_TARGET = 10.2;
				MTL_ENABLE_DEBUG_INFO = YES;
				ONLY_ACTIVE_ARCH = YES;
				SDKROOT = iphoneos;
				SWIFT_ACTIVE_COMPILATION_CONDITIONS = DEBUG;
				SWIFT_OPTIMIZATION_LEVEL = "-Onone";
			};
			name = Debug;
		};
		030DB0EF1E407381004E3532 /* Release */ = {
			isa = XCBuildConfiguration;
			buildSettings = {
				ALWAYS_SEARCH_USER_PATHS = NO;
				CLANG_ANALYZER_NONNULL = YES;
				CLANG_CXX_LANGUAGE_STANDARD = "gnu++0x";
				CLANG_CXX_LIBRARY = "libc++";
				CLANG_ENABLE_MODULES = YES;
				CLANG_ENABLE_OBJC_ARC = YES;
				CLANG_WARN_BOOL_CONVERSION = YES;
				CLANG_WARN_CONSTANT_CONVERSION = YES;
				CLANG_WARN_DIRECT_OBJC_ISA_USAGE = YES_ERROR;
				CLANG_WARN_DOCUMENTATION_COMMENTS = YES;
				CLANG_WARN_EMPTY_BODY = YES;
				CLANG_WARN_ENUM_CONVERSION = YES;
				CLANG_WARN_INFINITE_RECURSION = YES;
				CLANG_WARN_INT_CONVERSION = YES;
				CLANG_WARN_OBJC_ROOT_CLASS = YES_ERROR;
				CLANG_WARN_SUSPICIOUS_MOVE = YES;
				CLANG_WARN_UNREACHABLE_CODE = YES;
				CLANG_WARN__DUPLICATE_METHOD_MATCH = YES;
				"CODE_SIGN_IDENTITY[sdk=iphoneos*]" = "iPhone Developer";
				COPY_PHASE_STRIP = NO;
				DEBUG_INFORMATION_FORMAT = "dwarf-with-dsym";
				ENABLE_NS_ASSERTIONS = NO;
				ENABLE_STRICT_OBJC_MSGSEND = YES;
				GCC_C_LANGUAGE_STANDARD = gnu99;
				GCC_NO_COMMON_BLOCKS = YES;
				GCC_WARN_64_TO_32_BIT_CONVERSION = YES;
				GCC_WARN_ABOUT_RETURN_TYPE = YES_ERROR;
				GCC_WARN_UNDECLARED_SELECTOR = YES;
				GCC_WARN_UNINITIALIZED_AUTOS = YES_AGGRESSIVE;
				GCC_WARN_UNUSED_FUNCTION = YES;
				GCC_WARN_UNUSED_VARIABLE = YES;
				IPHONEOS_DEPLOYMENT_TARGET = 10.2;
				MTL_ENABLE_DEBUG_INFO = NO;
				SDKROOT = iphoneos;
				SWIFT_OPTIMIZATION_LEVEL = "-Owholemodule";
				VALIDATE_PRODUCT = YES;
			};
			name = Release;
		};
		030DB0F11E407381004E3532 /* Debug */ = {
			isa = XCBuildConfiguration;
			baseConfigurationReference = 6BBDE77CB802E4881F7AFD3C /* Pods-DiaryRecord.debug.xcconfig */;
			buildSettings = {
				ASSETCATALOG_COMPILER_APPICON_NAME = AppIcon;
				DEVELOPMENT_TEAM = 3Z5E8777P2;
				INFOPLIST_FILE = DiaryRecord/Info.plist;
				LD_RUNPATH_SEARCH_PATHS = "$(inherited) @executable_path/Frameworks";
				PRODUCT_BUNDLE_IDENTIFIER = com.baecheese.DiaryRecord;
				PRODUCT_NAME = "$(TARGET_NAME)";
				SWIFT_VERSION = 3.0;
			};
			name = Debug;
		};
		030DB0F21E407381004E3532 /* Release */ = {
			isa = XCBuildConfiguration;
			baseConfigurationReference = D12BC7104B832B34A9C5DB7F /* Pods-DiaryRecord.release.xcconfig */;
			buildSettings = {
				ASSETCATALOG_COMPILER_APPICON_NAME = AppIcon;
				DEVELOPMENT_TEAM = 3Z5E8777P2;
				INFOPLIST_FILE = DiaryRecord/Info.plist;
				LD_RUNPATH_SEARCH_PATHS = "$(inherited) @executable_path/Frameworks";
				PRODUCT_BUNDLE_IDENTIFIER = com.baecheese.DiaryRecord;
				PRODUCT_NAME = "$(TARGET_NAME)";
				SWIFT_VERSION = 3.0;
			};
			name = Release;
		};
		030DB0F41E407381004E3532 /* Debug */ = {
			isa = XCBuildConfiguration;
			baseConfigurationReference = 860C5321CB8646E7BB77D89A /* Pods-DiaryRecordTests.debug.xcconfig */;
			buildSettings = {
				ALWAYS_EMBED_SWIFT_STANDARD_LIBRARIES = YES;
				BUNDLE_LOADER = "$(TEST_HOST)";
				DEVELOPMENT_TEAM = 3Z5E8777P2;
				INFOPLIST_FILE = DiaryRecordTests/Info.plist;
				LD_RUNPATH_SEARCH_PATHS = "$(inherited) @executable_path/Frameworks @loader_path/Frameworks";
				PRODUCT_BUNDLE_IDENTIFIER = com.baecheese.DiaryRecordTests;
				PRODUCT_NAME = "$(TARGET_NAME)";
				SWIFT_VERSION = 3.0;
				TEST_HOST = "$(BUILT_PRODUCTS_DIR)/DiaryRecord.app/DiaryRecord";
			};
			name = Debug;
		};
		030DB0F51E407381004E3532 /* Release */ = {
			isa = XCBuildConfiguration;
			baseConfigurationReference = D606CBD34B097210781AEA0D /* Pods-DiaryRecordTests.release.xcconfig */;
			buildSettings = {
				ALWAYS_EMBED_SWIFT_STANDARD_LIBRARIES = YES;
				BUNDLE_LOADER = "$(TEST_HOST)";
				DEVELOPMENT_TEAM = 3Z5E8777P2;
				INFOPLIST_FILE = DiaryRecordTests/Info.plist;
				LD_RUNPATH_SEARCH_PATHS = "$(inherited) @executable_path/Frameworks @loader_path/Frameworks";
				PRODUCT_BUNDLE_IDENTIFIER = com.baecheese.DiaryRecordTests;
				PRODUCT_NAME = "$(TARGET_NAME)";
				SWIFT_VERSION = 3.0;
				TEST_HOST = "$(BUILT_PRODUCTS_DIR)/DiaryRecord.app/DiaryRecord";
			};
			name = Release;
		};
		030DB0F71E407381004E3532 /* Debug */ = {
			isa = XCBuildConfiguration;
			baseConfigurationReference = F2588E8105FABE59A6EDD6A4 /* Pods-DiaryRecordUITests.debug.xcconfig */;
			buildSettings = {
				ALWAYS_EMBED_SWIFT_STANDARD_LIBRARIES = YES;
				DEVELOPMENT_TEAM = 3Z5E8777P2;
				INFOPLIST_FILE = DiaryRecordUITests/Info.plist;
				LD_RUNPATH_SEARCH_PATHS = "$(inherited) @executable_path/Frameworks @loader_path/Frameworks";
				PRODUCT_BUNDLE_IDENTIFIER = com.baecheese.DiaryRecordUITests;
				PRODUCT_NAME = "$(TARGET_NAME)";
				SWIFT_VERSION = 3.0;
				TEST_TARGET_NAME = DiaryRecord;
			};
			name = Debug;
		};
		030DB0F81E407381004E3532 /* Release */ = {
			isa = XCBuildConfiguration;
			baseConfigurationReference = 9BF1BC7B5F0A786DE7ADC912 /* Pods-DiaryRecordUITests.release.xcconfig */;
			buildSettings = {
				ALWAYS_EMBED_SWIFT_STANDARD_LIBRARIES = YES;
				DEVELOPMENT_TEAM = 3Z5E8777P2;
				INFOPLIST_FILE = DiaryRecordUITests/Info.plist;
				LD_RUNPATH_SEARCH_PATHS = "$(inherited) @executable_path/Frameworks @loader_path/Frameworks";
				PRODUCT_BUNDLE_IDENTIFIER = com.baecheese.DiaryRecordUITests;
				PRODUCT_NAME = "$(TARGET_NAME)";
				SWIFT_VERSION = 3.0;
				TEST_TARGET_NAME = DiaryRecord;
			};
			name = Release;
		};
		035D7BAA1E48C36700F66B24 /* Debug */ = {
			isa = XCBuildConfiguration;
			buildSettings = {
				BUNDLE_LOADER = "$(TEST_HOST)";
				DEVELOPMENT_TEAM = 3Z5E8777P2;
				INFOPLIST_FILE = LoggerTest/Info.plist;
				LD_RUNPATH_SEARCH_PATHS = "$(inherited) @executable_path/Frameworks @loader_path/Frameworks";
				PRODUCT_BUNDLE_IDENTIFIER = com.baecheese.LoggerTest;
				PRODUCT_NAME = "$(TARGET_NAME)";
				SWIFT_VERSION = 3.0;
				TEST_HOST = "$(BUILT_PRODUCTS_DIR)/DiaryRecord.app/DiaryRecord";
			};
			name = Debug;
		};
		035D7BAB1E48C36700F66B24 /* Release */ = {
			isa = XCBuildConfiguration;
			buildSettings = {
				BUNDLE_LOADER = "$(TEST_HOST)";
				DEVELOPMENT_TEAM = 3Z5E8777P2;
				INFOPLIST_FILE = LoggerTest/Info.plist;
				LD_RUNPATH_SEARCH_PATHS = "$(inherited) @executable_path/Frameworks @loader_path/Frameworks";
				PRODUCT_BUNDLE_IDENTIFIER = com.baecheese.LoggerTest;
				PRODUCT_NAME = "$(TARGET_NAME)";
				SWIFT_VERSION = 3.0;
				TEST_HOST = "$(BUILT_PRODUCTS_DIR)/DiaryRecord.app/DiaryRecord";
			};
			name = Release;
		};
/* End XCBuildConfiguration section */

/* Begin XCConfigurationList section */
		030DB0C31E407380004E3532 /* Build configuration list for PBXProject "DiaryRecord" */ = {
			isa = XCConfigurationList;
			buildConfigurations = (
				030DB0EE1E407381004E3532 /* Debug */,
				030DB0EF1E407381004E3532 /* Release */,
			);
			defaultConfigurationIsVisible = 0;
			defaultConfigurationName = Release;
		};
		030DB0F01E407381004E3532 /* Build configuration list for PBXNativeTarget "DiaryRecord" */ = {
			isa = XCConfigurationList;
			buildConfigurations = (
				030DB0F11E407381004E3532 /* Debug */,
				030DB0F21E407381004E3532 /* Release */,
			);
			defaultConfigurationIsVisible = 0;
			defaultConfigurationName = Release;
		};
		030DB0F31E407381004E3532 /* Build configuration list for PBXNativeTarget "DiaryRecordTests" */ = {
			isa = XCConfigurationList;
			buildConfigurations = (
				030DB0F41E407381004E3532 /* Debug */,
				030DB0F51E407381004E3532 /* Release */,
			);
			defaultConfigurationIsVisible = 0;
			defaultConfigurationName = Release;
		};
		030DB0F61E407381004E3532 /* Build configuration list for PBXNativeTarget "DiaryRecordUITests" */ = {
			isa = XCConfigurationList;
			buildConfigurations = (
				030DB0F71E407381004E3532 /* Debug */,
				030DB0F81E407381004E3532 /* Release */,
			);
			defaultConfigurationIsVisible = 0;
			defaultConfigurationName = Release;
		};
		035D7BA91E48C36700F66B24 /* Build configuration list for PBXNativeTarget "LoggerTest" */ = {
			isa = XCConfigurationList;
			buildConfigurations = (
				035D7BAA1E48C36700F66B24 /* Debug */,
				035D7BAB1E48C36700F66B24 /* Release */,
			);
			defaultConfigurationIsVisible = 0;
			defaultConfigurationName = Release;
		};
/* End XCConfigurationList section */
	};
	rootObject = 030DB0C01E407380004E3532 /* Project object */;
}
